PODS:
  - Alamofire (4.6.0)
  - Material (2.13.5):
    - Material/Core (= 2.13.5)
  - Material/Core (2.13.5):
    - Motion (~> 1.3.0)
  - Motion (1.3.4):
    - Motion/Core (= 1.3.4)
  - Motion/Core (1.3.4)
  - Pageboy (2.3.1)
  - PromiseKit/Alamofire (4.5.1):
    - Alamofire (~> 4.0)
    - PromiseKit/CorePromise
  - PromiseKit/CorePromise (4.5.1)
  - SDWebImage (4.2.3):
    - SDWebImage/Core (= 4.2.3)
  - SDWebImage/Core (4.2.3)
  - SnapKit (4.0.0)
  - SwiftyJSON (4.0.0)
  - Tabman (1.4.0):
    - Pageboy (~> 2.3.0)

DEPENDENCIES:
  - Alamofire (~> 4.5)
  - Material
  - PromiseKit/Alamofire (~> 4.0)
  - SDWebImage
  - SnapKit (~> 4.0.0)
  - SwiftyJSON
  - Tabman (~> 1.0)

SPEC CHECKSUMS:
  Alamofire: f41a599bd63041760b26d393ec1069d9d7b917f4
  Material: ced3fd11882147b135f897ca20227174bb104ad0
  Motion: 85b8777db2e68801c03a5c629e918c35dd184c8d
  Pageboy: 761f33cb03c8ef27c69b803be1bccd04b71c80d1
  PromiseKit: 445dac9b2c3c3b4b31b5f842bc325700b848a8bd
  SDWebImage: 791bb72962b3492327ddcac4b1880bd1b5458431
  SnapKit: a42d492c16e80209130a3379f73596c3454b7694
  SwiftyJSON: 070dabdcb1beb81b247c65ffa3a79dbbfb3b48aa
  Tabman: 348ff2d3fc88587ef60bae5bce6698a8e1984cc2

PODFILE CHECKSUM: 821709d3fa4eb3b2fc86e710f2e6e29d9cc95b3f

COCOAPODS: 1.4.0
