// !$*UTF8*$!
{
	archiveVersion = 1;
	classes = {
	};
	objectVersion = 48;
	objects = {

/* Begin PBXBuildFile section */
		211EE6B5202AA35C007E8DD0 /* DirectoryItemPresentationCoordinator.swift in Sources */ = {isa = PBXBuildFile; fileRef = 211EE6B4202AA35C007E8DD0 /* DirectoryItemPresentationCoordinator.swift */; };
		21266FC0F6199CF4A0B42DDA /* Pods_MobileSafariEnhancer.framework in Frameworks */ = {isa = PBXBuildFile; fileRef = 18D48BBA50AD100412E0370C /* Pods_MobileSafariEnhancer.framework */; };
		2129EF57202B454200C4CE86 /* ExtensionModalTransitionDelegate.swift in Sources */ = {isa = PBXBuildFile; fileRef = 2129EF56202B454200C4CE86 /* ExtensionModalTransitionDelegate.swift */; };
		2129EF5C202B5DC800C4CE86 /* DownloadItem.xcdatamodeld in Sources */ = {isa = PBXBuildFile; fileRef = 2129EF5A202B5DC800C4CE86 /* DownloadItem.xcdatamodeld */; };
		2129EF5D202B5DC800C4CE86 /* DownloadItem.xcdatamodeld in Sources */ = {isa = PBXBuildFile; fileRef = 2129EF5A202B5DC800C4CE86 /* DownloadItem.xcdatamodeld */; };
		2129EF5E202BC78400C4CE86 /* Constants.swift in Sources */ = {isa = PBXBuildFile; fileRef = 218F51672025E995006EEDC2 /* Constants.swift */; };
		213D1BB720289E5F00E34019 /* libxml2.tbd in Frameworks */ = {isa = PBXBuildFile; fileRef = 213D1BB620289E5F00E34019 /* libxml2.tbd */; };
		213D1BB920289E9D00E34019 /* libxml2.2.tbd in Frameworks */ = {isa = PBXBuildFile; fileRef = 213D1BB820289E9D00E34019 /* libxml2.2.tbd */; };
		213D1BC62028A45300E34019 /* HTMLNode+XPath.m in Sources */ = {isa = PBXBuildFile; fileRef = 213D1BC12028A45300E34019 /* HTMLNode+XPath.m */; };
		213D1BC72028A45300E34019 /* HTMLDocument.m in Sources */ = {isa = PBXBuildFile; fileRef = 213D1BC22028A45300E34019 /* HTMLDocument.m */; };
		213D1BC82028A45300E34019 /* HTMLNode.m in Sources */ = {isa = PBXBuildFile; fileRef = 213D1BC32028A45300E34019 /* HTMLNode.m */; };
		213D1BCD2028B74900E34019 /* StringExtensions.swift in Sources */ = {isa = PBXBuildFile; fileRef = 213D1BCC2028B74900E34019 /* StringExtensions.swift */; };
		213D1BD120298A2400E34019 /* FileViewModel.swift in Sources */ = {isa = PBXBuildFile; fileRef = 213D1BD020298A2400E34019 /* FileViewModel.swift */; };
		213D1BD320298A8200E34019 /* DirectoryContentViewModel.swift in Sources */ = {isa = PBXBuildFile; fileRef = 213D1BD220298A8200E34019 /* DirectoryContentViewModel.swift */; };
		213D1BD520298ABF00E34019 /* Item.swift in Sources */ = {isa = PBXBuildFile; fileRef = 213D1BD420298ABF00E34019 /* Item.swift */; };
		213D1BD720298B0900E34019 /* FileSpecificationProvider.swift in Sources */ = {isa = PBXBuildFile; fileRef = 213D1BD620298B0900E34019 /* FileSpecificationProvider.swift */; };
		213D1BD920298B7100E34019 /* ThumbnailGenerator.swift in Sources */ = {isa = PBXBuildFile; fileRef = 213D1BD820298B7100E34019 /* ThumbnailGenerator.swift */; };
		213D1BDB20298DFA00E34019 /* FileService.swift in Sources */ = {isa = PBXBuildFile; fileRef = 213D1BDA20298DFA00E34019 /* FileService.swift */; };
		213D1BDE20298E5800E34019 /* ItemCell.swift in Sources */ = {isa = PBXBuildFile; fileRef = 213D1BDD20298E5800E34019 /* ItemCell.swift */; };
		213D1BE120298E9E00E34019 /* UIImageExtensions.swift in Sources */ = {isa = PBXBuildFile; fileRef = 213D1BE020298E9E00E34019 /* UIImageExtensions.swift */; };
		213D1BE320298F8400E34019 /* Result.swift in Sources */ = {isa = PBXBuildFile; fileRef = 213D1BE220298F8400E34019 /* Result.swift */; };
		213D1BE520298FD500E34019 /* Configuration.swift in Sources */ = {isa = PBXBuildFile; fileRef = 213D1BE420298FD500E34019 /* Configuration.swift */; };
		213D1BE72029903F00E34019 /* ImageViewController.swift in Sources */ = {isa = PBXBuildFile; fileRef = 213D1BE62029903F00E34019 /* ImageViewController.swift */; };
		213D1BE9202990E600E34019 /* ImageAssets.swift in Sources */ = {isa = PBXBuildFile; fileRef = 213D1BE8202990E600E34019 /* ImageAssets.swift */; };
		213D1BEB202991B400E34019 /* DoubleExtensions.swift in Sources */ = {isa = PBXBuildFile; fileRef = 213D1BEA202991B400E34019 /* DoubleExtensions.swift */; };
		213D1BED202991F300E34019 /* URLExtensions.swift in Sources */ = {isa = PBXBuildFile; fileRef = 213D1BEC202991F300E34019 /* URLExtensions.swift */; };
		213D1BEF2029926E00E34019 /* ArrayExtensions.swift in Sources */ = {isa = PBXBuildFile; fileRef = 213D1BEE2029926E00E34019 /* ArrayExtensions.swift */; };
		213D1BF1202992C500E34019 /* CheckmarkButton.swift in Sources */ = {isa = PBXBuildFile; fileRef = 213D1BF0202992C500E34019 /* CheckmarkButton.swift */; };
		213D1BF32029930600E34019 /* BezierPathExtensions.swift in Sources */ = {isa = PBXBuildFile; fileRef = 213D1BF22029930600E34019 /* BezierPathExtensions.swift */; };
		213D1BF5202994B900E34019 /* ImageAssets.xcassets in Resources */ = {isa = PBXBuildFile; fileRef = 213D1BF4202994B900E34019 /* ImageAssets.xcassets */; };
		213D1BF72029963500E34019 /* UnknownFileTypeViewController.swift in Sources */ = {isa = PBXBuildFile; fileRef = 213D1BF62029963500E34019 /* UnknownFileTypeViewController.swift */; };
		213D1BFB2029F09E00E34019 /* UITableViewExtensions.swift in Sources */ = {isa = PBXBuildFile; fileRef = 213D1BFA2029F09E00E34019 /* UITableViewExtensions.swift */; };
		213D1BFD2029F17900E34019 /* UIViewControllerExtensions.swift in Sources */ = {isa = PBXBuildFile; fileRef = 213D1BFC2029F17900E34019 /* UIViewControllerExtensions.swift */; };
		213D1BFF2029F35B00E34019 /* UICollectionViewExtensions.swift in Sources */ = {isa = PBXBuildFile; fileRef = 213D1BFE2029F35B00E34019 /* UICollectionViewExtensions.swift */; };
		213D1C012029F38400E34019 /* UISearchBarExtensions.swift in Sources */ = {isa = PBXBuildFile; fileRef = 213D1C002029F38400E34019 /* UISearchBarExtensions.swift */; };
		213D1C032029F52500E34019 /* UIAlertController.swift in Sources */ = {isa = PBXBuildFile; fileRef = 213D1C022029F52500E34019 /* UIAlertController.swift */; };
		213D1C052029F57000E34019 /* UIToolbarExtensions.swift in Sources */ = {isa = PBXBuildFile; fileRef = 213D1C042029F57000E34019 /* UIToolbarExtensions.swift */; };
		213D1C072029F58F00E34019 /* UIViewExtensions.swift in Sources */ = {isa = PBXBuildFile; fileRef = 213D1C062029F58F00E34019 /* UIViewExtensions.swift */; };
		213D1C0F202A01F400E34019 /* SHKData.h in Headers */ = {isa = PBXBuildFile; fileRef = 213D1C0D202A01F400E34019 /* SHKData.h */; };
		213D1C10202A01F400E34019 /* SHKData.m in Sources */ = {isa = PBXBuildFile; fileRef = 213D1C0E202A01F400E34019 /* SHKData.m */; };
		213D1C15202A074300E34019 /* SHKSocketIOChannel.h in Headers */ = {isa = PBXBuildFile; fileRef = 213D1C13202A074300E34019 /* SHKSocketIOChannel.h */; };
		213D1C16202A074300E34019 /* SHKSocketIOChannel.m in Sources */ = {isa = PBXBuildFile; fileRef = 213D1C14202A074300E34019 /* SHKSocketIOChannel.m */; };
		217EB714202AA94E003C1BA9 /* ErrorViewController.swift in Sources */ = {isa = PBXBuildFile; fileRef = 217EB713202AA94E003C1BA9 /* ErrorViewController.swift */; };
		217EB716202AAF43003C1BA9 /* DirectoryContentViewController.swift in Sources */ = {isa = PBXBuildFile; fileRef = 217EB715202AAF43003C1BA9 /* DirectoryContentViewController.swift */; };
		217EB718202AB222003C1BA9 /* DirectoryViewController.swift in Sources */ = {isa = PBXBuildFile; fileRef = 217EB717202AB222003C1BA9 /* DirectoryViewController.swift */; };
		217EB71A202AB235003C1BA9 /* DirectoryViewModel.swift in Sources */ = {isa = PBXBuildFile; fileRef = 217EB719202AB235003C1BA9 /* DirectoryViewModel.swift */; };
		217EB71C202AB280003C1BA9 /* LoadingViewController.swift in Sources */ = {isa = PBXBuildFile; fileRef = 217EB71B202AB280003C1BA9 /* LoadingViewController.swift */; };
		217EB71E202AB38C003C1BA9 /* ItemPresentationCoordinator.swift in Sources */ = {isa = PBXBuildFile; fileRef = 217EB71D202AB38C003C1BA9 /* ItemPresentationCoordinator.swift */; };
		217EB720202AB3E7003C1BA9 /* FileItemPresentationCoordinator.swift in Sources */ = {isa = PBXBuildFile; fileRef = 217EB71F202AB3E7003C1BA9 /* FileItemPresentationCoordinator.swift */; };
		217EB722202AB41A003C1BA9 /* FileViewController.swift in Sources */ = {isa = PBXBuildFile; fileRef = 217EB721202AB41A003C1BA9 /* FileViewController.swift */; };
		217EB724202AB497003C1BA9 /* ActionViewController.swift in Sources */ = {isa = PBXBuildFile; fileRef = 217EB723202AB497003C1BA9 /* ActionViewController.swift */; };
		217EB726202AB832003C1BA9 /* FileVCViews.swift in Sources */ = {isa = PBXBuildFile; fileRef = 217EB725202AB832003C1BA9 /* FileVCViews.swift */; };
		217EB728202ABCBD003C1BA9 /* FileExploreViewController.swift in Sources */ = {isa = PBXBuildFile; fileRef = 217EB727202ABCBD003C1BA9 /* FileExploreViewController.swift */; };
		217EB72B202B1119003C1BA9 /* DirectoryContentViewControllerExtensions.swift in Sources */ = {isa = PBXBuildFile; fileRef = 217EB72A202B1119003C1BA9 /* DirectoryContentViewControllerExtensions.swift */; };
		218F514D2025AF1B006EEDC2 /* FileSharer.appex in Embed App Extensions */ = {isa = PBXBuildFile; fileRef = 218F51432025AF1B006EEDC2 /* FileSharer.appex */; settings = {ATTRIBUTES = (RemoveHeadersOnCopy, ); }; };
		218F51542025D55C006EEDC2 /* RootViewController.swift in Sources */ = {isa = PBXBuildFile; fileRef = 218F51532025D55C006EEDC2 /* RootViewController.swift */; };
		218F515D2025DB90006EEDC2 /* UIColorExtensions.swift in Sources */ = {isa = PBXBuildFile; fileRef = 218F515C2025DB90006EEDC2 /* UIColorExtensions.swift */; };
		218F515F2025DDAD006EEDC2 /* BaseNavigationController.swift in Sources */ = {isa = PBXBuildFile; fileRef = 218F515E2025DDAD006EEDC2 /* BaseNavigationController.swift */; };
		218F51622025DFA1006EEDC2 /* CreateTaskViewController.swift in Sources */ = {isa = PBXBuildFile; fileRef = 218F51612025DFA1006EEDC2 /* CreateTaskViewController.swift */; };
		218F51642025DFBC006EEDC2 /* TaskListTableViewController.swift in Sources */ = {isa = PBXBuildFile; fileRef = 218F51632025DFBC006EEDC2 /* TaskListTableViewController.swift */; };
		218F51662025E4C8006EEDC2 /* MainViewController.swift in Sources */ = {isa = PBXBuildFile; fileRef = 218F51652025E4C8006EEDC2 /* MainViewController.swift */; };
		218F51682025E995006EEDC2 /* Constants.swift in Sources */ = {isa = PBXBuildFile; fileRef = 218F51672025E995006EEDC2 /* Constants.swift */; };
		218F516A2025EAC2006EEDC2 /* HeaderView.swift in Sources */ = {isa = PBXBuildFile; fileRef = 218F51692025EAC2006EEDC2 /* HeaderView.swift */; };
		218F516C2025EBB0006EEDC2 /* ErrorEnum.swift in Sources */ = {isa = PBXBuildFile; fileRef = 218F516B2025EBB0006EEDC2 /* ErrorEnum.swift */; };
		218F516E2025F484006EEDC2 /* HeaderViewModel.swift in Sources */ = {isa = PBXBuildFile; fileRef = 218F516D2025F484006EEDC2 /* HeaderViewModel.swift */; };
		218F51732025F54F006EEDC2 /* favicons.png in Resources */ = {isa = PBXBuildFile; fileRef = 218F51722025F54F006EEDC2 /* favicons.png */; };
		218F51752025F6BC006EEDC2 /* Store.swift in Sources */ = {isa = PBXBuildFile; fileRef = 218F51742025F6BC006EEDC2 /* Store.swift */; };
		218F51782025F9AB006EEDC2 /* tool.js in Resources */ = {isa = PBXBuildFile; fileRef = 218F51772025F9AB006EEDC2 /* tool.js */; };
		218F517A2025FDDC006EEDC2 /* Network.swift in Sources */ = {isa = PBXBuildFile; fileRef = 218F51792025FDDC006EEDC2 /* Network.swift */; };
		218F517C2026111B006EEDC2 /* CreateTaskView.swift in Sources */ = {isa = PBXBuildFile; fileRef = 218F517B2026111B006EEDC2 /* CreateTaskView.swift */; };
		218F517E20261D07006EEDC2 /* Preview.swift in Sources */ = {isa = PBXBuildFile; fileRef = 218F517D20261D07006EEDC2 /* Preview.swift */; };
		218F518420262683006EEDC2 /* jquery.js in Resources */ = {isa = PBXBuildFile; fileRef = 218F518320262683006EEDC2 /* jquery.js */; };
		218F518820269B3E006EEDC2 /* LoadingView.swift in Sources */ = {isa = PBXBuildFile; fileRef = 218F518720269B3E006EEDC2 /* LoadingView.swift */; };
		218F518A2026A1D6006EEDC2 /* GDC.swift in Sources */ = {isa = PBXBuildFile; fileRef = 218F51892026A1D6006EEDC2 /* GDC.swift */; };
		218F518D2026B2CE006EEDC2 /* LoginViewController.swift in Sources */ = {isa = PBXBuildFile; fileRef = 218F518C2026B2CE006EEDC2 /* LoginViewController.swift */; };
		218F518F2026B43A006EEDC2 /* owl-login.png in Resources */ = {isa = PBXBuildFile; fileRef = 218F518E2026B43A006EEDC2 /* owl-login.png */; };
		218F51912026B449006EEDC2 /* owl-login-arm-left.png in Resources */ = {isa = PBXBuildFile; fileRef = 218F51902026B449006EEDC2 /* owl-login-arm-left.png */; };
		218F51932026B457006EEDC2 /* owl-login-arm-right.png in Resources */ = {isa = PBXBuildFile; fileRef = 218F51922026B457006EEDC2 /* owl-login-arm-right.png */; };
		218F51952026B545006EEDC2 /* LoginView.swift in Sources */ = {isa = PBXBuildFile; fileRef = 218F51942026B545006EEDC2 /* LoginView.swift */; };
		218F519A2026B767006EEDC2 /* LoginInfoModel.swift in Sources */ = {isa = PBXBuildFile; fileRef = 218F51992026B767006EEDC2 /* LoginInfoModel.swift */; };
		218F51A02026D158006EEDC2 /* ResourceParser.swift in Sources */ = {isa = PBXBuildFile; fileRef = 218F519F2026D158006EEDC2 /* ResourceParser.swift */; };
		218F51A22026F7CD006EEDC2 /* owl-hand.png in Resources */ = {isa = PBXBuildFile; fileRef = 218F51A12026F7CD006EEDC2 /* owl-hand.png */; };
		21B9AAD82025ADE7006002DD /* AppDelegate.swift in Sources */ = {isa = PBXBuildFile; fileRef = 21B9AAD72025ADE7006002DD /* AppDelegate.swift */; };
		21B9AADA2025ADE7006002DD /* DocumentBrowserViewController.swift in Sources */ = {isa = PBXBuildFile; fileRef = 21B9AAD92025ADE7006002DD /* DocumentBrowserViewController.swift */; };
		21B9AADC2025ADE7006002DD /* DocumentViewController.swift in Sources */ = {isa = PBXBuildFile; fileRef = 21B9AADB2025ADE7006002DD /* DocumentViewController.swift */; };
		21B9AADE2025ADE7006002DD /* Document.swift in Sources */ = {isa = PBXBuildFile; fileRef = 21B9AADD2025ADE7006002DD /* Document.swift */; };
		21B9AAE12025ADE7006002DD /* Main.storyboard in Resources */ = {isa = PBXBuildFile; fileRef = 21B9AADF2025ADE7006002DD /* Main.storyboard */; };
		21B9AAE32025ADE7006002DD /* Assets.xcassets in Resources */ = {isa = PBXBuildFile; fileRef = 21B9AAE22025ADE7006002DD /* Assets.xcassets */; };
		21B9AAE62025ADE7006002DD /* LaunchScreen.storyboard in Resources */ = {isa = PBXBuildFile; fileRef = 21B9AAE42025ADE7006002DD /* LaunchScreen.storyboard */; };
		21F8589B20274A36008D84B8 /* SettingTableViewController.swift in Sources */ = {isa = PBXBuildFile; fileRef = 21F8589A20274A36008D84B8 /* SettingTableViewController.swift */; };
		21F8589D20275284008D84B8 /* PreviewViewController.swift in Sources */ = {isa = PBXBuildFile; fileRef = 21F8589C20275284008D84B8 /* PreviewViewController.swift */; };
		21F858A72027F96E008D84B8 /* DJDownloadKit.h in Headers */ = {isa = PBXBuildFile; fileRef = 21F858A52027F96E008D84B8 /* DJDownloadKit.h */; settings = {ATTRIBUTES = (Public, ); }; };
		21F858AA2027F96E008D84B8 /* DJDownloadKit.framework in Frameworks */ = {isa = PBXBuildFile; fileRef = 21F858A32027F96E008D84B8 /* DJDownloadKit.framework */; };
		21F858AB2027F96E008D84B8 /* DJDownloadKit.framework in Embed Frameworks */ = {isa = PBXBuildFile; fileRef = 21F858A32027F96E008D84B8 /* DJDownloadKit.framework */; settings = {ATTRIBUTES = (CodeSignOnCopy, RemoveHeadersOnCopy, ); }; };
		21F858B92027F985008D84B8 /* SimpleHTTPKit.h in Headers */ = {isa = PBXBuildFile; fileRef = 21F858B72027F985008D84B8 /* SimpleHTTPKit.h */; settings = {ATTRIBUTES = (Public, ); }; };
		21F858BC2027F985008D84B8 /* SimpleHTTPKit.framework in Frameworks */ = {isa = PBXBuildFile; fileRef = 21F858B52027F985008D84B8 /* SimpleHTTPKit.framework */; };
		21F858BD2027F985008D84B8 /* SimpleHTTPKit.framework in Embed Frameworks */ = {isa = PBXBuildFile; fileRef = 21F858B52027F985008D84B8 /* SimpleHTTPKit.framework */; settings = {ATTRIBUTES = (CodeSignOnCopy, RemoveHeadersOnCopy, ); }; };
		9196AB74311F4A507ECA0379 /* Pods_FileSharer.framework in Frameworks */ = {isa = PBXBuildFile; fileRef = D959A473B6B7DB7343CF4B8A /* Pods_FileSharer.framework */; };
/* End PBXBuildFile section */

/* Begin PBXContainerItemProxy section */
		218F514B2025AF1B006EEDC2 /* PBXContainerItemProxy */ = {
			isa = PBXContainerItemProxy;
			containerPortal = 21B9AACC2025ADE6006002DD /* Project object */;
			proxyType = 1;
			remoteGlobalIDString = 218F51422025AF1B006EEDC2;
			remoteInfo = FileSharer;
		};
		21F858A82027F96E008D84B8 /* PBXContainerItemProxy */ = {
			isa = PBXContainerItemProxy;
			containerPortal = 21B9AACC2025ADE6006002DD /* Project object */;
			proxyType = 1;
			remoteGlobalIDString = 21F858A22027F96E008D84B8;
			remoteInfo = DJDownloadKit;
		};
		21F858BA2027F985008D84B8 /* PBXContainerItemProxy */ = {
			isa = PBXContainerItemProxy;
			containerPortal = 21B9AACC2025ADE6006002DD /* Project object */;
			proxyType = 1;
			remoteGlobalIDString = 21F858B42027F985008D84B8;
			remoteInfo = SimpleHTTPKit;
		};
/* End PBXContainerItemProxy section */

/* Begin PBXCopyFilesBuildPhase section */
		218F51512025AF1B006EEDC2 /* Embed App Extensions */ = {
			isa = PBXCopyFilesBuildPhase;
			buildActionMask = 2147483647;
			dstPath = "";
			dstSubfolderSpec = 13;
			files = (
				218F514D2025AF1B006EEDC2 /* FileSharer.appex in Embed App Extensions */,
			);
			name = "Embed App Extensions";
			runOnlyForDeploymentPostprocessing = 0;
		};
		21F858AF2027F96E008D84B8 /* Embed Frameworks */ = {
			isa = PBXCopyFilesBuildPhase;
			buildActionMask = 2147483647;
			dstPath = "";
			dstSubfolderSpec = 10;
			files = (
				21F858AB2027F96E008D84B8 /* DJDownloadKit.framework in Embed Frameworks */,
				21F858BD2027F985008D84B8 /* SimpleHTTPKit.framework in Embed Frameworks */,
			);
			name = "Embed Frameworks";
			runOnlyForDeploymentPostprocessing = 0;
		};
/* End PBXCopyFilesBuildPhase section */

/* Begin PBXFileReference section */
		18D48BBA50AD100412E0370C /* Pods_MobileSafariEnhancer.framework */ = {isa = PBXFileReference; explicitFileType = wrapper.framework; includeInIndex = 0; path = Pods_MobileSafariEnhancer.framework; sourceTree = BUILT_PRODUCTS_DIR; };
		211EE6B4202AA35C007E8DD0 /* DirectoryItemPresentationCoordinator.swift */ = {isa = PBXFileReference; lastKnownFileType = sourcecode.swift; path = DirectoryItemPresentationCoordinator.swift; sourceTree = "<group>"; };
		2129EF56202B454200C4CE86 /* ExtensionModalTransitionDelegate.swift */ = {isa = PBXFileReference; lastKnownFileType = sourcecode.swift; path = ExtensionModalTransitionDelegate.swift; sourceTree = "<group>"; };
		2129EF5B202B5DC800C4CE86 /* DownloadItem.xcdatamodel */ = {isa = PBXFileReference; lastKnownFileType = wrapper.xcdatamodel; path = DownloadItem.xcdatamodel; sourceTree = "<group>"; };
		213D1BB620289E5F00E34019 /* libxml2.tbd */ = {isa = PBXFileReference; lastKnownFileType = "sourcecode.text-based-dylib-definition"; name = libxml2.tbd; path = usr/lib/libxml2.tbd; sourceTree = SDKROOT; };
		213D1BB820289E9D00E34019 /* libxml2.2.tbd */ = {isa = PBXFileReference; lastKnownFileType = "sourcecode.text-based-dylib-definition"; name = libxml2.2.tbd; path = usr/lib/libxml2.2.tbd; sourceTree = SDKROOT; };
		213D1BC02028A45300E34019 /* HTMLDocument.h */ = {isa = PBXFileReference; fileEncoding = 4; lastKnownFileType = sourcecode.c.h; path = HTMLDocument.h; sourceTree = "<group>"; };
		213D1BC12028A45300E34019 /* HTMLNode+XPath.m */ = {isa = PBXFileReference; fileEncoding = 4; lastKnownFileType = sourcecode.c.objc; path = "HTMLNode+XPath.m"; sourceTree = "<group>"; };
		213D1BC22028A45300E34019 /* HTMLDocument.m */ = {isa = PBXFileReference; fileEncoding = 4; lastKnownFileType = sourcecode.c.objc; path = HTMLDocument.m; sourceTree = "<group>"; };
		213D1BC32028A45300E34019 /* HTMLNode.m */ = {isa = PBXFileReference; fileEncoding = 4; lastKnownFileType = sourcecode.c.objc; path = HTMLNode.m; sourceTree = "<group>"; };
		213D1BC42028A45300E34019 /* HTMLNode+XPath.h */ = {isa = PBXFileReference; fileEncoding = 4; lastKnownFileType = sourcecode.c.h; path = "HTMLNode+XPath.h"; sourceTree = "<group>"; };
		213D1BC52028A45300E34019 /* HTMLNode.h */ = {isa = PBXFileReference; fileEncoding = 4; lastKnownFileType = sourcecode.c.h; path = HTMLNode.h; sourceTree = "<group>"; };
		213D1BCC2028B74900E34019 /* StringExtensions.swift */ = {isa = PBXFileReference; lastKnownFileType = sourcecode.swift; path = StringExtensions.swift; sourceTree = "<group>"; };
		213D1BD020298A2400E34019 /* FileViewModel.swift */ = {isa = PBXFileReference; lastKnownFileType = sourcecode.swift; path = FileViewModel.swift; sourceTree = "<group>"; };
		213D1BD220298A8200E34019 /* DirectoryContentViewModel.swift */ = {isa = PBXFileReference; lastKnownFileType = sourcecode.swift; path = DirectoryContentViewModel.swift; sourceTree = "<group>"; };
		213D1BD420298ABF00E34019 /* Item.swift */ = {isa = PBXFileReference; lastKnownFileType = sourcecode.swift; path = Item.swift; sourceTree = "<group>"; };
		213D1BD620298B0900E34019 /* FileSpecificationProvider.swift */ = {isa = PBXFileReference; lastKnownFileType = sourcecode.swift; path = FileSpecificationProvider.swift; sourceTree = "<group>"; };
		213D1BD820298B7100E34019 /* ThumbnailGenerator.swift */ = {isa = PBXFileReference; lastKnownFileType = sourcecode.swift; path = ThumbnailGenerator.swift; sourceTree = "<group>"; };
		213D1BDA20298DFA00E34019 /* FileService.swift */ = {isa = PBXFileReference; lastKnownFileType = sourcecode.swift; path = FileService.swift; sourceTree = "<group>"; };
		213D1BDD20298E5800E34019 /* ItemCell.swift */ = {isa = PBXFileReference; lastKnownFileType = sourcecode.swift; path = ItemCell.swift; sourceTree = "<group>"; };
		213D1BE020298E9E00E34019 /* UIImageExtensions.swift */ = {isa = PBXFileReference; lastKnownFileType = sourcecode.swift; path = UIImageExtensions.swift; sourceTree = "<group>"; };
		213D1BE220298F8400E34019 /* Result.swift */ = {isa = PBXFileReference; lastKnownFileType = sourcecode.swift; path = Result.swift; sourceTree = "<group>"; };
		213D1BE420298FD500E34019 /* Configuration.swift */ = {isa = PBXFileReference; lastKnownFileType = sourcecode.swift; path = Configuration.swift; sourceTree = "<group>"; };
		213D1BE62029903F00E34019 /* ImageViewController.swift */ = {isa = PBXFileReference; lastKnownFileType = sourcecode.swift; path = ImageViewController.swift; sourceTree = "<group>"; };
		213D1BE8202990E600E34019 /* ImageAssets.swift */ = {isa = PBXFileReference; lastKnownFileType = sourcecode.swift; path = ImageAssets.swift; sourceTree = "<group>"; };
		213D1BEA202991B400E34019 /* DoubleExtensions.swift */ = {isa = PBXFileReference; lastKnownFileType = sourcecode.swift; path = DoubleExtensions.swift; sourceTree = "<group>"; };
		213D1BEC202991F300E34019 /* URLExtensions.swift */ = {isa = PBXFileReference; lastKnownFileType = sourcecode.swift; path = URLExtensions.swift; sourceTree = "<group>"; };
		213D1BEE2029926E00E34019 /* ArrayExtensions.swift */ = {isa = PBXFileReference; lastKnownFileType = sourcecode.swift; path = ArrayExtensions.swift; sourceTree = "<group>"; };
		213D1BF0202992C500E34019 /* CheckmarkButton.swift */ = {isa = PBXFileReference; lastKnownFileType = sourcecode.swift; path = CheckmarkButton.swift; sourceTree = "<group>"; };
		213D1BF22029930600E34019 /* BezierPathExtensions.swift */ = {isa = PBXFileReference; lastKnownFileType = sourcecode.swift; path = BezierPathExtensions.swift; sourceTree = "<group>"; };
		213D1BF4202994B900E34019 /* ImageAssets.xcassets */ = {isa = PBXFileReference; lastKnownFileType = folder.assetcatalog; path = ImageAssets.xcassets; sourceTree = "<group>"; };
		213D1BF62029963500E34019 /* UnknownFileTypeViewController.swift */ = {isa = PBXFileReference; lastKnownFileType = sourcecode.swift; path = UnknownFileTypeViewController.swift; sourceTree = "<group>"; };
		213D1BFA2029F09E00E34019 /* UITableViewExtensions.swift */ = {isa = PBXFileReference; lastKnownFileType = sourcecode.swift; path = UITableViewExtensions.swift; sourceTree = "<group>"; };
		213D1BFC2029F17900E34019 /* UIViewControllerExtensions.swift */ = {isa = PBXFileReference; lastKnownFileType = sourcecode.swift; path = UIViewControllerExtensions.swift; sourceTree = "<group>"; };
		213D1BFE2029F35B00E34019 /* UICollectionViewExtensions.swift */ = {isa = PBXFileReference; lastKnownFileType = sourcecode.swift; path = UICollectionViewExtensions.swift; sourceTree = "<group>"; };
		213D1C002029F38400E34019 /* UISearchBarExtensions.swift */ = {isa = PBXFileReference; lastKnownFileType = sourcecode.swift; path = UISearchBarExtensions.swift; sourceTree = "<group>"; };
		213D1C022029F52500E34019 /* UIAlertController.swift */ = {isa = PBXFileReference; lastKnownFileType = sourcecode.swift; path = UIAlertController.swift; sourceTree = "<group>"; };
		213D1C042029F57000E34019 /* UIToolbarExtensions.swift */ = {isa = PBXFileReference; lastKnownFileType = sourcecode.swift; path = UIToolbarExtensions.swift; sourceTree = "<group>"; };
		213D1C062029F58F00E34019 /* UIViewExtensions.swift */ = {isa = PBXFileReference; lastKnownFileType = sourcecode.swift; path = UIViewExtensions.swift; sourceTree = "<group>"; };
		213D1C0D202A01F400E34019 /* SHKData.h */ = {isa = PBXFileReference; lastKnownFileType = sourcecode.c.h; path = SHKData.h; sourceTree = "<group>"; };
		213D1C0E202A01F400E34019 /* SHKData.m */ = {isa = PBXFileReference; lastKnownFileType = sourcecode.c.objc; path = SHKData.m; sourceTree = "<group>"; };
		213D1C13202A074300E34019 /* SHKSocketIOChannel.h */ = {isa = PBXFileReference; lastKnownFileType = sourcecode.c.h; path = SHKSocketIOChannel.h; sourceTree = "<group>"; };
		213D1C14202A074300E34019 /* SHKSocketIOChannel.m */ = {isa = PBXFileReference; lastKnownFileType = sourcecode.c.objc; path = SHKSocketIOChannel.m; sourceTree = "<group>"; };
		217EB713202AA94E003C1BA9 /* ErrorViewController.swift */ = {isa = PBXFileReference; lastKnownFileType = sourcecode.swift; path = ErrorViewController.swift; sourceTree = "<group>"; };
		217EB715202AAF43003C1BA9 /* DirectoryContentViewController.swift */ = {isa = PBXFileReference; lastKnownFileType = sourcecode.swift; path = DirectoryContentViewController.swift; sourceTree = "<group>"; };
		217EB717202AB222003C1BA9 /* DirectoryViewController.swift */ = {isa = PBXFileReference; lastKnownFileType = sourcecode.swift; path = DirectoryViewController.swift; sourceTree = "<group>"; };
		217EB719202AB235003C1BA9 /* DirectoryViewModel.swift */ = {isa = PBXFileReference; lastKnownFileType = sourcecode.swift; path = DirectoryViewModel.swift; sourceTree = "<group>"; };
		217EB71B202AB280003C1BA9 /* LoadingViewController.swift */ = {isa = PBXFileReference; lastKnownFileType = sourcecode.swift; path = LoadingViewController.swift; sourceTree = "<group>"; };
		217EB71D202AB38C003C1BA9 /* ItemPresentationCoordinator.swift */ = {isa = PBXFileReference; lastKnownFileType = sourcecode.swift; path = ItemPresentationCoordinator.swift; sourceTree = "<group>"; };
		217EB71F202AB3E7003C1BA9 /* FileItemPresentationCoordinator.swift */ = {isa = PBXFileReference; lastKnownFileType = sourcecode.swift; path = FileItemPresentationCoordinator.swift; sourceTree = "<group>"; };
		217EB721202AB41A003C1BA9 /* FileViewController.swift */ = {isa = PBXFileReference; lastKnownFileType = sourcecode.swift; path = FileViewController.swift; sourceTree = "<group>"; };
		217EB723202AB497003C1BA9 /* ActionViewController.swift */ = {isa = PBXFileReference; lastKnownFileType = sourcecode.swift; path = ActionViewController.swift; sourceTree = "<group>"; };
		217EB725202AB832003C1BA9 /* FileVCViews.swift */ = {isa = PBXFileReference; lastKnownFileType = sourcecode.swift; path = FileVCViews.swift; sourceTree = "<group>"; };
		217EB727202ABCBD003C1BA9 /* FileExploreViewController.swift */ = {isa = PBXFileReference; lastKnownFileType = sourcecode.swift; path = FileExploreViewController.swift; sourceTree = "<group>"; };
		217EB72A202B1119003C1BA9 /* DirectoryContentViewControllerExtensions.swift */ = {isa = PBXFileReference; lastKnownFileType = sourcecode.swift; path = DirectoryContentViewControllerExtensions.swift; sourceTree = "<group>"; };
		218F51432025AF1B006EEDC2 /* FileSharer.appex */ = {isa = PBXFileReference; explicitFileType = "wrapper.app-extension"; includeInIndex = 0; path = FileSharer.appex; sourceTree = BUILT_PRODUCTS_DIR; };
		218F514A2025AF1B006EEDC2 /* Info.plist */ = {isa = PBXFileReference; lastKnownFileType = text.plist.xml; path = Info.plist; sourceTree = "<group>"; };
		218F51522025D55B006EEDC2 /* FileSharer-Bridging-Header.h */ = {isa = PBXFileReference; lastKnownFileType = sourcecode.c.h; path = "FileSharer-Bridging-Header.h"; sourceTree = "<group>"; };
		218F51532025D55C006EEDC2 /* RootViewController.swift */ = {isa = PBXFileReference; lastKnownFileType = sourcecode.swift; path = RootViewController.swift; sourceTree = "<group>"; };
		218F515C2025DB90006EEDC2 /* UIColorExtensions.swift */ = {isa = PBXFileReference; lastKnownFileType = sourcecode.swift; path = UIColorExtensions.swift; sourceTree = "<group>"; };
		218F515E2025DDAD006EEDC2 /* BaseNavigationController.swift */ = {isa = PBXFileReference; lastKnownFileType = sourcecode.swift; path = BaseNavigationController.swift; sourceTree = "<group>"; };
		218F51612025DFA1006EEDC2 /* CreateTaskViewController.swift */ = {isa = PBXFileReference; lastKnownFileType = sourcecode.swift; path = CreateTaskViewController.swift; sourceTree = "<group>"; };
		218F51632025DFBC006EEDC2 /* TaskListTableViewController.swift */ = {isa = PBXFileReference; lastKnownFileType = sourcecode.swift; path = TaskListTableViewController.swift; sourceTree = "<group>"; };
		218F51652025E4C8006EEDC2 /* MainViewController.swift */ = {isa = PBXFileReference; lastKnownFileType = sourcecode.swift; path = MainViewController.swift; sourceTree = "<group>"; };
		218F51672025E995006EEDC2 /* Constants.swift */ = {isa = PBXFileReference; lastKnownFileType = sourcecode.swift; path = Constants.swift; sourceTree = "<group>"; };
		218F51692025EAC2006EEDC2 /* HeaderView.swift */ = {isa = PBXFileReference; lastKnownFileType = sourcecode.swift; path = HeaderView.swift; sourceTree = "<group>"; };
		218F516B2025EBB0006EEDC2 /* ErrorEnum.swift */ = {isa = PBXFileReference; lastKnownFileType = sourcecode.swift; path = ErrorEnum.swift; sourceTree = "<group>"; };
		218F516D2025F484006EEDC2 /* HeaderViewModel.swift */ = {isa = PBXFileReference; lastKnownFileType = sourcecode.swift; path = HeaderViewModel.swift; sourceTree = "<group>"; };
		218F51722025F54F006EEDC2 /* favicons.png */ = {isa = PBXFileReference; lastKnownFileType = image.png; path = favicons.png; sourceTree = "<group>"; };
		218F51742025F6BC006EEDC2 /* Store.swift */ = {isa = PBXFileReference; lastKnownFileType = sourcecode.swift; path = Store.swift; sourceTree = "<group>"; };
		218F51772025F9AB006EEDC2 /* tool.js */ = {isa = PBXFileReference; lastKnownFileType = sourcecode.javascript; path = tool.js; sourceTree = "<group>"; };
		218F51792025FDDC006EEDC2 /* Network.swift */ = {isa = PBXFileReference; lastKnownFileType = sourcecode.swift; path = Network.swift; sourceTree = "<group>"; };
		218F517B2026111B006EEDC2 /* CreateTaskView.swift */ = {isa = PBXFileReference; lastKnownFileType = sourcecode.swift; path = CreateTaskView.swift; sourceTree = "<group>"; };
		218F517D20261D07006EEDC2 /* Preview.swift */ = {isa = PBXFileReference; lastKnownFileType = sourcecode.swift; path = Preview.swift; sourceTree = "<group>"; };
		218F518320262683006EEDC2 /* jquery.js */ = {isa = PBXFileReference; fileEncoding = 4; lastKnownFileType = sourcecode.javascript; path = jquery.js; sourceTree = "<group>"; };
		218F518720269B3E006EEDC2 /* LoadingView.swift */ = {isa = PBXFileReference; fileEncoding = 4; lastKnownFileType = sourcecode.swift; path = LoadingView.swift; sourceTree = "<group>"; };
		218F51892026A1D6006EEDC2 /* GDC.swift */ = {isa = PBXFileReference; lastKnownFileType = sourcecode.swift; path = GDC.swift; sourceTree = "<group>"; };
		218F518C2026B2CE006EEDC2 /* LoginViewController.swift */ = {isa = PBXFileReference; fileEncoding = 4; lastKnownFileType = sourcecode.swift; path = LoginViewController.swift; sourceTree = "<group>"; };
		218F518E2026B43A006EEDC2 /* owl-login.png */ = {isa = PBXFileReference; lastKnownFileType = image.png; path = "owl-login.png"; sourceTree = "<group>"; };
		218F51902026B449006EEDC2 /* owl-login-arm-left.png */ = {isa = PBXFileReference; lastKnownFileType = image.png; path = "owl-login-arm-left.png"; sourceTree = "<group>"; };
		218F51922026B457006EEDC2 /* owl-login-arm-right.png */ = {isa = PBXFileReference; lastKnownFileType = image.png; path = "owl-login-arm-right.png"; sourceTree = "<group>"; };
		218F51942026B545006EEDC2 /* LoginView.swift */ = {isa = PBXFileReference; lastKnownFileType = sourcecode.swift; path = LoginView.swift; sourceTree = "<group>"; };
		218F51992026B767006EEDC2 /* LoginInfoModel.swift */ = {isa = PBXFileReference; lastKnownFileType = sourcecode.swift; path = LoginInfoModel.swift; sourceTree = "<group>"; };
		218F519B2026D00E006EEDC2 /* MobileSafariEnhancer.entitlements */ = {isa = PBXFileReference; lastKnownFileType = text.plist.entitlements; path = MobileSafariEnhancer.entitlements; sourceTree = "<group>"; };
		218F519C2026D049006EEDC2 /* FileSharer.entitlements */ = {isa = PBXFileReference; lastKnownFileType = text.plist.entitlements; path = FileSharer.entitlements; sourceTree = "<group>"; };
		218F519F2026D158006EEDC2 /* ResourceParser.swift */ = {isa = PBXFileReference; lastKnownFileType = sourcecode.swift; path = ResourceParser.swift; sourceTree = "<group>"; };
		218F51A12026F7CD006EEDC2 /* owl-hand.png */ = {isa = PBXFileReference; lastKnownFileType = image.png; path = "owl-hand.png"; sourceTree = "<group>"; };
		21B9AAD42025ADE6006002DD /* MobileSafariEnhancer.app */ = {isa = PBXFileReference; explicitFileType = wrapper.application; includeInIndex = 0; path = MobileSafariEnhancer.app; sourceTree = BUILT_PRODUCTS_DIR; };
		21B9AAD72025ADE7006002DD /* AppDelegate.swift */ = {isa = PBXFileReference; lastKnownFileType = sourcecode.swift; path = AppDelegate.swift; sourceTree = "<group>"; };
		21B9AAD92025ADE7006002DD /* DocumentBrowserViewController.swift */ = {isa = PBXFileReference; lastKnownFileType = sourcecode.swift; path = DocumentBrowserViewController.swift; sourceTree = "<group>"; };
		21B9AADB2025ADE7006002DD /* DocumentViewController.swift */ = {isa = PBXFileReference; lastKnownFileType = sourcecode.swift; path = DocumentViewController.swift; sourceTree = "<group>"; };
		21B9AADD2025ADE7006002DD /* Document.swift */ = {isa = PBXFileReference; lastKnownFileType = sourcecode.swift; path = Document.swift; sourceTree = "<group>"; };
		21B9AAE02025ADE7006002DD /* Base */ = {isa = PBXFileReference; lastKnownFileType = file.storyboard; name = Base; path = Base.lproj/Main.storyboard; sourceTree = "<group>"; };
		21B9AAE22025ADE7006002DD /* Assets.xcassets */ = {isa = PBXFileReference; lastKnownFileType = folder.assetcatalog; path = Assets.xcassets; sourceTree = "<group>"; };
		21B9AAE52025ADE7006002DD /* Base */ = {isa = PBXFileReference; lastKnownFileType = file.storyboard; name = Base; path = Base.lproj/LaunchScreen.storyboard; sourceTree = "<group>"; };
		21B9AAE72025ADE7006002DD /* Info.plist */ = {isa = PBXFileReference; lastKnownFileType = text.plist.xml; path = Info.plist; sourceTree = "<group>"; };
		21F8589A20274A36008D84B8 /* SettingTableViewController.swift */ = {isa = PBXFileReference; lastKnownFileType = sourcecode.swift; path = SettingTableViewController.swift; sourceTree = "<group>"; };
		21F8589C20275284008D84B8 /* PreviewViewController.swift */ = {isa = PBXFileReference; lastKnownFileType = sourcecode.swift; path = PreviewViewController.swift; sourceTree = "<group>"; };
		21F858A32027F96E008D84B8 /* DJDownloadKit.framework */ = {isa = PBXFileReference; explicitFileType = wrapper.framework; includeInIndex = 0; path = DJDownloadKit.framework; sourceTree = BUILT_PRODUCTS_DIR; };
		21F858A52027F96E008D84B8 /* DJDownloadKit.h */ = {isa = PBXFileReference; lastKnownFileType = sourcecode.c.h; path = DJDownloadKit.h; sourceTree = "<group>"; };
		21F858A62027F96E008D84B8 /* Info.plist */ = {isa = PBXFileReference; lastKnownFileType = text.plist.xml; path = Info.plist; sourceTree = "<group>"; };
		21F858B52027F985008D84B8 /* SimpleHTTPKit.framework */ = {isa = PBXFileReference; explicitFileType = wrapper.framework; includeInIndex = 0; path = SimpleHTTPKit.framework; sourceTree = BUILT_PRODUCTS_DIR; };
		21F858B72027F985008D84B8 /* SimpleHTTPKit.h */ = {isa = PBXFileReference; lastKnownFileType = sourcecode.c.h; path = SimpleHTTPKit.h; sourceTree = "<group>"; };
		21F858B82027F985008D84B8 /* Info.plist */ = {isa = PBXFileReference; lastKnownFileType = text.plist.xml; path = Info.plist; sourceTree = "<group>"; };
		8F7411B6138F8DCE179010C8 /* Pods-FileSharer.release.xcconfig */ = {isa = PBXFileReference; includeInIndex = 1; lastKnownFileType = text.xcconfig; name = "Pods-FileSharer.release.xcconfig"; path = "Pods/Target Support Files/Pods-FileSharer/Pods-FileSharer.release.xcconfig"; sourceTree = "<group>"; };
		9A0ECEEF2C7B811A4313B5F2 /* Pods-MobileSafariEnhancer.debug.xcconfig */ = {isa = PBXFileReference; includeInIndex = 1; lastKnownFileType = text.xcconfig; name = "Pods-MobileSafariEnhancer.debug.xcconfig"; path = "Pods/Target Support Files/Pods-MobileSafariEnhancer/Pods-MobileSafariEnhancer.debug.xcconfig"; sourceTree = "<group>"; };
		A90AE0FFAC33926A4315456E /* Pods-MobileSafariEnhancer.release.xcconfig */ = {isa = PBXFileReference; includeInIndex = 1; lastKnownFileType = text.xcconfig; name = "Pods-MobileSafariEnhancer.release.xcconfig"; path = "Pods/Target Support Files/Pods-MobileSafariEnhancer/Pods-MobileSafariEnhancer.release.xcconfig"; sourceTree = "<group>"; };
		D8528233B657883331DB85C1 /* Pods-FileSharer.debug.xcconfig */ = {isa = PBXFileReference; includeInIndex = 1; lastKnownFileType = text.xcconfig; name = "Pods-FileSharer.debug.xcconfig"; path = "Pods/Target Support Files/Pods-FileSharer/Pods-FileSharer.debug.xcconfig"; sourceTree = "<group>"; };
		D959A473B6B7DB7343CF4B8A /* Pods_FileSharer.framework */ = {isa = PBXFileReference; explicitFileType = wrapper.framework; includeInIndex = 0; path = Pods_FileSharer.framework; sourceTree = BUILT_PRODUCTS_DIR; };
/* End PBXFileReference section */

/* Begin PBXFrameworksBuildPhase section */
		218F51402025AF1B006EEDC2 /* Frameworks */ = {
			isa = PBXFrameworksBuildPhase;
			buildActionMask = 2147483647;
			files = (
				213D1BB920289E9D00E34019 /* libxml2.2.tbd in Frameworks */,
				213D1BB720289E5F00E34019 /* libxml2.tbd in Frameworks */,
				9196AB74311F4A507ECA0379 /* Pods_FileSharer.framework in Frameworks */,
			);
			runOnlyForDeploymentPostprocessing = 0;
		};
		21B9AAD12025ADE6006002DD /* Frameworks */ = {
			isa = PBXFrameworksBuildPhase;
			buildActionMask = 2147483647;
			files = (
				21F858BC2027F985008D84B8 /* SimpleHTTPKit.framework in Frameworks */,
				21F858AA2027F96E008D84B8 /* DJDownloadKit.framework in Frameworks */,
				21266FC0F6199CF4A0B42DDA /* Pods_MobileSafariEnhancer.framework in Frameworks */,
			);
			runOnlyForDeploymentPostprocessing = 0;
		};
		21F8589F2027F96E008D84B8 /* Frameworks */ = {
			isa = PBXFrameworksBuildPhase;
			buildActionMask = 2147483647;
			files = (
			);
			runOnlyForDeploymentPostprocessing = 0;
		};
		21F858B12027F985008D84B8 /* Frameworks */ = {
			isa = PBXFrameworksBuildPhase;
			buildActionMask = 2147483647;
			files = (
			);
			runOnlyForDeploymentPostprocessing = 0;
		};
/* End PBXFrameworksBuildPhase section */

/* Begin PBXGroup section */
		213D1BCE2029851B00E34019 /* FileExplorer */ = {
			isa = PBXGroup;
			children = (
				213D1BE62029903F00E34019 /* ImageViewController.swift */,
				213D1BF62029963500E34019 /* UnknownFileTypeViewController.swift */,
				217EB713202AA94E003C1BA9 /* ErrorViewController.swift */,
				217EB715202AAF43003C1BA9 /* DirectoryContentViewController.swift */,
				217EB717202AB222003C1BA9 /* DirectoryViewController.swift */,
				217EB71B202AB280003C1BA9 /* LoadingViewController.swift */,
				217EB721202AB41A003C1BA9 /* FileViewController.swift */,
				217EB723202AB497003C1BA9 /* ActionViewController.swift */,
			);
			path = FileExplorer;
			sourceTree = "<group>";
		};
		213D1BCF2029886000E34019 /* FileExplorer */ = {
			isa = PBXGroup;
			children = (
				213D1BD020298A2400E34019 /* FileViewModel.swift */,
				213D1BD220298A8200E34019 /* DirectoryContentViewModel.swift */,
				213D1BD420298ABF00E34019 /* Item.swift */,
				213D1BE220298F8400E34019 /* Result.swift */,
				213D1BE420298FD500E34019 /* Configuration.swift */,
				213D1BE8202990E600E34019 /* ImageAssets.swift */,
				211EE6B4202AA35C007E8DD0 /* DirectoryItemPresentationCoordinator.swift */,
				217EB71D202AB38C003C1BA9 /* ItemPresentationCoordinator.swift */,
				217EB71F202AB3E7003C1BA9 /* FileItemPresentationCoordinator.swift */,
				217EB719202AB235003C1BA9 /* DirectoryViewModel.swift */,
			);
			path = FileExplorer;
			sourceTree = "<group>";
		};
		213D1BDC20298E4500E34019 /* FileExplorer */ = {
			isa = PBXGroup;
			children = (
				213D1BDD20298E5800E34019 /* ItemCell.swift */,
				213D1BF0202992C500E34019 /* CheckmarkButton.swift */,
				217EB725202AB832003C1BA9 /* FileVCViews.swift */,
			);
			path = FileExplorer;
			sourceTree = "<group>";
		};
		213D1C082029FB4100E34019 /* Socket */ = {
			isa = PBXGroup;
			children = (
				213D1C0D202A01F400E34019 /* SHKData.h */,
				213D1C0E202A01F400E34019 /* SHKData.m */,
				213D1C13202A074300E34019 /* SHKSocketIOChannel.h */,
				213D1C14202A074300E34019 /* SHKSocketIOChannel.m */,
			);
			path = Socket;
			sourceTree = "<group>";
		};
		2165593B2028992C00195F0A /* HTMLParser */ = {
			isa = PBXGroup;
			children = (
				213D1BC02028A45300E34019 /* HTMLDocument.h */,
				213D1BC22028A45300E34019 /* HTMLDocument.m */,
				213D1BC52028A45300E34019 /* HTMLNode.h */,
				213D1BC32028A45300E34019 /* HTMLNode.m */,
				213D1BC42028A45300E34019 /* HTMLNode+XPath.h */,
				213D1BC12028A45300E34019 /* HTMLNode+XPath.m */,
			);
			path = HTMLParser;
			sourceTree = "<group>";
		};
		217EB729202B10EA003C1BA9 /* Controllers */ = {
			isa = PBXGroup;
			children = (
				217EB72A202B1119003C1BA9 /* DirectoryContentViewControllerExtensions.swift */,
			);
			path = Controllers;
			sourceTree = "<group>";
		};
		218F51442025AF1B006EEDC2 /* FileSharer */ = {
			isa = PBXGroup;
			children = (
				218F519C2026D049006EEDC2 /* FileSharer.entitlements */,
				218F519E2026D12B006EEDC2 /* Utils */,
				218F51712025F541006EEDC2 /* Resources */,
				218F51592025D8EB006EEDC2 /* Extensions */,
				218F51582025D5F5006EEDC2 /* Model */,
				218F51562025D5E7006EEDC2 /* View */,
				218F51552025D5D8006EEDC2 /* Controllers */,
				218F514A2025AF1B006EEDC2 /* Info.plist */,
				218F51532025D55C006EEDC2 /* RootViewController.swift */,
				2129EF5A202B5DC800C4CE86 /* DownloadItem.xcdatamodeld */,
				218F51522025D55B006EEDC2 /* FileSharer-Bridging-Header.h */,
			);
			path = FileSharer;
			sourceTree = "<group>";
		};
		218F51552025D5D8006EEDC2 /* Controllers */ = {
			isa = PBXGroup;
			children = (
				213D1BCE2029851B00E34019 /* FileExplorer */,
				218F515E2025DDAD006EEDC2 /* BaseNavigationController.swift */,
				218F51612025DFA1006EEDC2 /* CreateTaskViewController.swift */,
				218F518C2026B2CE006EEDC2 /* LoginViewController.swift */,
				218F51632025DFBC006EEDC2 /* TaskListTableViewController.swift */,
				218F51652025E4C8006EEDC2 /* MainViewController.swift */,
				21F8589A20274A36008D84B8 /* SettingTableViewController.swift */,
				21F8589C20275284008D84B8 /* PreviewViewController.swift */,
			);
			path = Controllers;
			sourceTree = "<group>";
		};
		218F51562025D5E7006EEDC2 /* View */ = {
			isa = PBXGroup;
			children = (
				213D1BDC20298E4500E34019 /* FileExplorer */,
				218F51692025EAC2006EEDC2 /* HeaderView.swift */,
				218F517B2026111B006EEDC2 /* CreateTaskView.swift */,
				218F517D20261D07006EEDC2 /* Preview.swift */,
				218F518720269B3E006EEDC2 /* LoadingView.swift */,
				218F51942026B545006EEDC2 /* LoginView.swift */,
				2129EF56202B454200C4CE86 /* ExtensionModalTransitionDelegate.swift */,
			);
			path = View;
			sourceTree = "<group>";
		};
		218F51582025D5F5006EEDC2 /* Model */ = {
			isa = PBXGroup;
			children = (
				218F51982026B74C006EEDC2 /* ViewModel */,
				218F51672025E995006EEDC2 /* Constants.swift */,
				218F516B2025EBB0006EEDC2 /* ErrorEnum.swift */,
				218F51742025F6BC006EEDC2 /* Store.swift */,
			);
			path = Model;
			sourceTree = "<group>";
		};
		218F51592025D8EB006EEDC2 /* Extensions */ = {
			isa = PBXGroup;
			children = (
				217EB729202B10EA003C1BA9 /* Controllers */,
				218F515C2025DB90006EEDC2 /* UIColorExtensions.swift */,
				218F51892026A1D6006EEDC2 /* GDC.swift */,
				213D1BCC2028B74900E34019 /* StringExtensions.swift */,
				213D1BE020298E9E00E34019 /* UIImageExtensions.swift */,
				213D1BEA202991B400E34019 /* DoubleExtensions.swift */,
				213D1BEC202991F300E34019 /* URLExtensions.swift */,
				213D1BEE2029926E00E34019 /* ArrayExtensions.swift */,
				213D1BF22029930600E34019 /* BezierPathExtensions.swift */,
				213D1BFA2029F09E00E34019 /* UITableViewExtensions.swift */,
				213D1BFC2029F17900E34019 /* UIViewControllerExtensions.swift */,
				213D1BFE2029F35B00E34019 /* UICollectionViewExtensions.swift */,
				213D1C002029F38400E34019 /* UISearchBarExtensions.swift */,
				213D1C022029F52500E34019 /* UIAlertController.swift */,
				213D1C042029F57000E34019 /* UIToolbarExtensions.swift */,
				213D1C062029F58F00E34019 /* UIViewExtensions.swift */,
			);
			path = Extensions;
			sourceTree = "<group>";
		};
		218F51712025F541006EEDC2 /* Resources */ = {
			isa = PBXGroup;
			children = (
				213D1BF4202994B900E34019 /* ImageAssets.xcassets */,
				218F518320262683006EEDC2 /* jquery.js */,
				218F51722025F54F006EEDC2 /* favicons.png */,
				218F51772025F9AB006EEDC2 /* tool.js */,
				218F518E2026B43A006EEDC2 /* owl-login.png */,
				218F51902026B449006EEDC2 /* owl-login-arm-left.png */,
				218F51922026B457006EEDC2 /* owl-login-arm-right.png */,
				218F51A12026F7CD006EEDC2 /* owl-hand.png */,
			);
			path = Resources;
			sourceTree = "<group>";
		};
		218F51982026B74C006EEDC2 /* ViewModel */ = {
			isa = PBXGroup;
			children = (
				213D1BCF2029886000E34019 /* FileExplorer */,
				218F516D2025F484006EEDC2 /* HeaderViewModel.swift */,
				217EB727202ABCBD003C1BA9 /* FileExploreViewController.swift */,
				218F51992026B767006EEDC2 /* LoginInfoModel.swift */,
			);
			path = ViewModel;
			sourceTree = "<group>";
		};
		218F519E2026D12B006EEDC2 /* Utils */ = {
			isa = PBXGroup;
			children = (
				2165593B2028992C00195F0A /* HTMLParser */,
				218F519F2026D158006EEDC2 /* ResourceParser.swift */,
				218F51792025FDDC006EEDC2 /* Network.swift */,
				213D1BD620298B0900E34019 /* FileSpecificationProvider.swift */,
				213D1BDA20298DFA00E34019 /* FileService.swift */,
				213D1BD820298B7100E34019 /* ThumbnailGenerator.swift */,
			);
			path = Utils;
			sourceTree = "<group>";
		};
		21B9AACB2025ADE6006002DD = {
			isa = PBXGroup;
			children = (
				21B9AAD62025ADE6006002DD /* MobileSafariEnhancer */,
				218F51442025AF1B006EEDC2 /* FileSharer */,
				21F858A42027F96E008D84B8 /* DJDownloadKit */,
				21F858B62027F985008D84B8 /* SimpleHTTPKit */,
				21B9AAD52025ADE6006002DD /* Products */,
				74D8691156C3C187AE8F2509 /* Frameworks */,
				41BCB4DB98912173963F62A2 /* Pods */,
			);
			sourceTree = "<group>";
		};
		21B9AAD52025ADE6006002DD /* Products */ = {
			isa = PBXGroup;
			children = (
				21B9AAD42025ADE6006002DD /* MobileSafariEnhancer.app */,
				218F51432025AF1B006EEDC2 /* FileSharer.appex */,
				21F858A32027F96E008D84B8 /* DJDownloadKit.framework */,
				21F858B52027F985008D84B8 /* SimpleHTTPKit.framework */,
			);
			name = Products;
			sourceTree = "<group>";
		};
		21B9AAD62025ADE6006002DD /* MobileSafariEnhancer */ = {
			isa = PBXGroup;
			children = (
				218F519B2026D00E006EEDC2 /* MobileSafariEnhancer.entitlements */,
				21B9AAD72025ADE7006002DD /* AppDelegate.swift */,
				21B9AAD92025ADE7006002DD /* DocumentBrowserViewController.swift */,
				21B9AADB2025ADE7006002DD /* DocumentViewController.swift */,
				21B9AADD2025ADE7006002DD /* Document.swift */,
				21B9AADF2025ADE7006002DD /* Main.storyboard */,
				21B9AAE22025ADE7006002DD /* Assets.xcassets */,
				21B9AAE42025ADE7006002DD /* LaunchScreen.storyboard */,
				21B9AAE72025ADE7006002DD /* Info.plist */,
			);
			path = MobileSafariEnhancer;
			sourceTree = "<group>";
		};
		21F858A42027F96E008D84B8 /* DJDownloadKit */ = {
			isa = PBXGroup;
			children = (
				21F858A52027F96E008D84B8 /* DJDownloadKit.h */,
				21F858A62027F96E008D84B8 /* Info.plist */,
			);
			path = DJDownloadKit;
			sourceTree = "<group>";
		};
		21F858B62027F985008D84B8 /* SimpleHTTPKit */ = {
			isa = PBXGroup;
			children = (
				213D1C082029FB4100E34019 /* Socket */,
				21F858B72027F985008D84B8 /* SimpleHTTPKit.h */,
				21F858B82027F985008D84B8 /* Info.plist */,
			);
			path = SimpleHTTPKit;
			sourceTree = "<group>";
		};
		41BCB4DB98912173963F62A2 /* Pods */ = {
			isa = PBXGroup;
			children = (
				D8528233B657883331DB85C1 /* Pods-FileSharer.debug.xcconfig */,
				8F7411B6138F8DCE179010C8 /* Pods-FileSharer.release.xcconfig */,
				9A0ECEEF2C7B811A4313B5F2 /* Pods-MobileSafariEnhancer.debug.xcconfig */,
				A90AE0FFAC33926A4315456E /* Pods-MobileSafariEnhancer.release.xcconfig */,
			);
			name = Pods;
			sourceTree = "<group>";
		};
		74D8691156C3C187AE8F2509 /* Frameworks */ = {
			isa = PBXGroup;
			children = (
				213D1BB820289E9D00E34019 /* libxml2.2.tbd */,
				213D1BB620289E5F00E34019 /* libxml2.tbd */,
				D959A473B6B7DB7343CF4B8A /* Pods_FileSharer.framework */,
				18D48BBA50AD100412E0370C /* Pods_MobileSafariEnhancer.framework */,
			);
			name = Frameworks;
			sourceTree = "<group>";
		};
/* End PBXGroup section */

/* Begin PBXHeadersBuildPhase section */
		21F858A02027F96E008D84B8 /* Headers */ = {
			isa = PBXHeadersBuildPhase;
			buildActionMask = 2147483647;
			files = (
				21F858A72027F96E008D84B8 /* DJDownloadKit.h in Headers */,
			);
			runOnlyForDeploymentPostprocessing = 0;
		};
		21F858B22027F985008D84B8 /* Headers */ = {
			isa = PBXHeadersBuildPhase;
			buildActionMask = 2147483647;
			files = (
				213D1C15202A074300E34019 /* SHKSocketIOChannel.h in Headers */,
				21F858B92027F985008D84B8 /* SimpleHTTPKit.h in Headers */,
				213D1C0F202A01F400E34019 /* SHKData.h in Headers */,
			);
			runOnlyForDeploymentPostprocessing = 0;
		};
/* End PBXHeadersBuildPhase section */

/* Begin PBXNativeTarget section */
		218F51422025AF1B006EEDC2 /* FileSharer */ = {
			isa = PBXNativeTarget;
			buildConfigurationList = 218F51502025AF1B006EEDC2 /* Build configuration list for PBXNativeTarget "FileSharer" */;
			buildPhases = (
				19FB6302655D0E014125DC63 /* [CP] Check Pods Manifest.lock */,
				218F513F2025AF1B006EEDC2 /* Sources */,
				218F51402025AF1B006EEDC2 /* Frameworks */,
				218F51412025AF1B006EEDC2 /* Resources */,
				A142A5C4A5701EC2F5A381E1 /* [CP] Copy Pods Resources */,
			);
			buildRules = (
			);
			dependencies = (
			);
			name = FileSharer;
			productName = FileSharer;
			productReference = 218F51432025AF1B006EEDC2 /* FileSharer.appex */;
			productType = "com.apple.product-type.app-extension";
		};
		21B9AAD32025ADE6006002DD /* MobileSafariEnhancer */ = {
			isa = PBXNativeTarget;
			buildConfigurationList = 21B9AAEA2025ADE7006002DD /* Build configuration list for PBXNativeTarget "MobileSafariEnhancer" */;
			buildPhases = (
				026AFAD5F203F7F4FC056110 /* [CP] Check Pods Manifest.lock */,
				21B9AAD02025ADE6006002DD /* Sources */,
				21B9AAD12025ADE6006002DD /* Frameworks */,
				21B9AAD22025ADE6006002DD /* Resources */,
				218F51512025AF1B006EEDC2 /* Embed App Extensions */,
				21F858AF2027F96E008D84B8 /* Embed Frameworks */,
				1B669AD4490433A76DEB3F60 /* [CP] Embed Pods Frameworks */,
				7E65DE4CF01FF34408D6C052 /* [CP] Copy Pods Resources */,
			);
			buildRules = (
			);
			dependencies = (
				218F514C2025AF1B006EEDC2 /* PBXTargetDependency */,
				21F858A92027F96E008D84B8 /* PBXTargetDependency */,
				21F858BB2027F985008D84B8 /* PBXTargetDependency */,
			);
			name = MobileSafariEnhancer;
			productName = MobileSafariEnhancer;
			productReference = 21B9AAD42025ADE6006002DD /* MobileSafariEnhancer.app */;
			productType = "com.apple.product-type.application";
		};
		21F858A22027F96E008D84B8 /* DJDownloadKit */ = {
			isa = PBXNativeTarget;
			buildConfigurationList = 21F858AE2027F96E008D84B8 /* Build configuration list for PBXNativeTarget "DJDownloadKit" */;
			buildPhases = (
				21F8589E2027F96E008D84B8 /* Sources */,
				21F8589F2027F96E008D84B8 /* Frameworks */,
				21F858A02027F96E008D84B8 /* Headers */,
				21F858A12027F96E008D84B8 /* Resources */,
			);
			buildRules = (
			);
			dependencies = (
			);
			name = DJDownloadKit;
			productName = DJDownloadKit;
			productReference = 21F858A32027F96E008D84B8 /* DJDownloadKit.framework */;
			productType = "com.apple.product-type.framework";
		};
		21F858B42027F985008D84B8 /* SimpleHTTPKit */ = {
			isa = PBXNativeTarget;
			buildConfigurationList = 21F858BE2027F985008D84B8 /* Build configuration list for PBXNativeTarget "SimpleHTTPKit" */;
			buildPhases = (
				21F858B02027F985008D84B8 /* Sources */,
				21F858B12027F985008D84B8 /* Frameworks */,
				21F858B22027F985008D84B8 /* Headers */,
				21F858B32027F985008D84B8 /* Resources */,
			);
			buildRules = (
			);
			dependencies = (
			);
			name = SimpleHTTPKit;
			productName = SimpleHTTPKit;
			productReference = 21F858B52027F985008D84B8 /* SimpleHTTPKit.framework */;
			productType = "com.apple.product-type.framework";
		};
/* End PBXNativeTarget section */

/* Begin PBXProject section */
		21B9AACC2025ADE6006002DD /* Project object */ = {
			isa = PBXProject;
			attributes = {
				CLASSPREFIX = SHK;
				LastSwiftUpdateCheck = 0930;
				LastUpgradeCheck = 0920;
				ORGANIZATIONNAME = MockingBot;
				TargetAttributes = {
					218F51422025AF1B006EEDC2 = {
						CreatedOnToolsVersion = 9.3;
						LastSwiftMigration = 0930;
						ProvisioningStyle = Automatic;
						SystemCapabilities = {
							com.apple.ApplicationGroups.iOS = {
								enabled = 1;
							};
							com.apple.Keychain = {
								enabled = 1;
							};
						};
					};
					21B9AAD32025ADE6006002DD = {
						CreatedOnToolsVersion = 9.2;
						ProvisioningStyle = Automatic;
						SystemCapabilities = {
							com.apple.ApplicationGroups.iOS = {
								enabled = 1;
							};
							com.apple.BackgroundModes = {
								enabled = 1;
							};
							com.apple.Keychain = {
								enabled = 1;
							};
						};
					};
					21F858A22027F96E008D84B8 = {
						CreatedOnToolsVersion = 9.3;
						ProvisioningStyle = Automatic;
					};
					21F858B42027F985008D84B8 = {
						CreatedOnToolsVersion = 9.3;
						LastSwiftMigration = 0930;
						ProvisioningStyle = Automatic;
					};
				};
			};
			buildConfigurationList = 21B9AACF2025ADE6006002DD /* Build configuration list for PBXProject "MobileSafariEnhancer" */;
			compatibilityVersion = "Xcode 8.0";
			developmentRegion = en;
			hasScannedForEncodings = 0;
			knownRegions = (
				en,
				Base,
			);
			mainGroup = 21B9AACB2025ADE6006002DD;
			productRefGroup = 21B9AAD52025ADE6006002DD /* Products */;
			projectDirPath = "";
			projectRoot = "";
			targets = (
				21B9AAD32025ADE6006002DD /* MobileSafariEnhancer */,
				218F51422025AF1B006EEDC2 /* FileSharer */,
				21F858A22027F96E008D84B8 /* DJDownloadKit */,
				21F858B42027F985008D84B8 /* SimpleHTTPKit */,
			);
		};
/* End PBXProject section */

/* Begin PBXResourcesBuildPhase section */
		218F51412025AF1B006EEDC2 /* Resources */ = {
			isa = PBXResourcesBuildPhase;
			buildActionMask = 2147483647;
			files = (
				218F51912026B449006EEDC2 /* owl-login-arm-left.png in Resources */,
				218F51932026B457006EEDC2 /* owl-login-arm-right.png in Resources */,
				218F51782025F9AB006EEDC2 /* tool.js in Resources */,
				218F51A22026F7CD006EEDC2 /* owl-hand.png in Resources */,
				218F518F2026B43A006EEDC2 /* owl-login.png in Resources */,
				218F518420262683006EEDC2 /* jquery.js in Resources */,
				213D1BF5202994B900E34019 /* ImageAssets.xcassets in Resources */,
				218F51732025F54F006EEDC2 /* favicons.png in Resources */,
			);
			runOnlyForDeploymentPostprocessing = 0;
		};
		21B9AAD22025ADE6006002DD /* Resources */ = {
			isa = PBXResourcesBuildPhase;
			buildActionMask = 2147483647;
			files = (
				21B9AAE62025ADE7006002DD /* LaunchScreen.storyboard in Resources */,
				21B9AAE32025ADE7006002DD /* Assets.xcassets in Resources */,
				21B9AAE12025ADE7006002DD /* Main.storyboard in Resources */,
			);
			runOnlyForDeploymentPostprocessing = 0;
		};
		21F858A12027F96E008D84B8 /* Resources */ = {
			isa = PBXResourcesBuildPhase;
			buildActionMask = 2147483647;
			files = (
			);
			runOnlyForDeploymentPostprocessing = 0;
		};
		21F858B32027F985008D84B8 /* Resources */ = {
			isa = PBXResourcesBuildPhase;
			buildActionMask = 2147483647;
			files = (
			);
			runOnlyForDeploymentPostprocessing = 0;
		};
/* End PBXResourcesBuildPhase section */

/* Begin PBXShellScriptBuildPhase section */
		026AFAD5F203F7F4FC056110 /* [CP] Check Pods Manifest.lock */ = {
			isa = PBXShellScriptBuildPhase;
			buildActionMask = 2147483647;
			files = (
			);
			inputPaths = (
				"${PODS_PODFILE_DIR_PATH}/Podfile.lock",
				"${PODS_ROOT}/Manifest.lock",
			);
			name = "[CP] Check Pods Manifest.lock";
			outputPaths = (
				"$(DERIVED_FILE_DIR)/Pods-MobileSafariEnhancer-checkManifestLockResult.txt",
			);
			runOnlyForDeploymentPostprocessing = 0;
			shellPath = /bin/sh;
			shellScript = "diff \"${PODS_PODFILE_DIR_PATH}/Podfile.lock\" \"${PODS_ROOT}/Manifest.lock\" > /dev/null\nif [ $? != 0 ] ; then\n    # print error to STDERR\n    echo \"error: The sandbox is not in sync with the Podfile.lock. Run 'pod install' or update your CocoaPods installation.\" >&2\n    exit 1\nfi\n# This output is used by Xcode 'outputs' to avoid re-running this script phase.\necho \"SUCCESS\" > \"${SCRIPT_OUTPUT_FILE_0}\"\n";
			showEnvVarsInLog = 0;
		};
		19FB6302655D0E014125DC63 /* [CP] Check Pods Manifest.lock */ = {
			isa = PBXShellScriptBuildPhase;
			buildActionMask = 2147483647;
			files = (
			);
			inputPaths = (
				"${PODS_PODFILE_DIR_PATH}/Podfile.lock",
				"${PODS_ROOT}/Manifest.lock",
			);
			name = "[CP] Check Pods Manifest.lock";
			outputPaths = (
				"$(DERIVED_FILE_DIR)/Pods-FileSharer-checkManifestLockResult.txt",
			);
			runOnlyForDeploymentPostprocessing = 0;
			shellPath = /bin/sh;
			shellScript = "diff \"${PODS_PODFILE_DIR_PATH}/Podfile.lock\" \"${PODS_ROOT}/Manifest.lock\" > /dev/null\nif [ $? != 0 ] ; then\n    # print error to STDERR\n    echo \"error: The sandbox is not in sync with the Podfile.lock. Run 'pod install' or update your CocoaPods installation.\" >&2\n    exit 1\nfi\n# This output is used by Xcode 'outputs' to avoid re-running this script phase.\necho \"SUCCESS\" > \"${SCRIPT_OUTPUT_FILE_0}\"\n";
			showEnvVarsInLog = 0;
		};
		1B669AD4490433A76DEB3F60 /* [CP] Embed Pods Frameworks */ = {
			isa = PBXShellScriptBuildPhase;
			buildActionMask = 2147483647;
			files = (
			);
			inputPaths = (
				"${SRCROOT}/Pods/Target Support Files/Pods-MobileSafariEnhancer/Pods-MobileSafariEnhancer-frameworks.sh",
				"${BUILT_PRODUCTS_DIR}/Alamofire/Alamofire.framework",
				"${BUILT_PRODUCTS_DIR}/DGActivityIndicatorView/DGActivityIndicatorView.framework",
				"${BUILT_PRODUCTS_DIR}/DZNEmptyDataSet/DZNEmptyDataSet.framework",
				"${BUILT_PRODUCTS_DIR}/FontAwesome.swift/FontAwesome_swift.framework",
				"${BUILT_PRODUCTS_DIR}/KeychainAccess/KeychainAccess.framework",
				"${BUILT_PRODUCTS_DIR}/MBProgressHUD/MBProgressHUD.framework",
				"${BUILT_PRODUCTS_DIR}/MagicalRecord/MagicalRecord.framework",
				"${BUILT_PRODUCTS_DIR}/PromiseKit/PromiseKit.framework",
				"${BUILT_PRODUCTS_DIR}/SDWebImage/SDWebImage.framework",
				"${BUILT_PRODUCTS_DIR}/SnapKit/SnapKit.framework",
				"${BUILT_PRODUCTS_DIR}/SwiftyJSON/SwiftyJSON.framework",
				"${BUILT_PRODUCTS_DIR}/SwipeCellKit/SwipeCellKit.framework",
				"${BUILT_PRODUCTS_DIR}/Material/Material.framework",
				"${BUILT_PRODUCTS_DIR}/Motion/Motion.framework",
				"${BUILT_PRODUCTS_DIR}/AutoInsetter/AutoInsetter.framework",
				"${BUILT_PRODUCTS_DIR}/Pageboy/Pageboy.framework",
				"${BUILT_PRODUCTS_DIR}/Tabman/Tabman.framework",
			);
			name = "[CP] Embed Pods Frameworks";
			outputPaths = (
				"${TARGET_BUILD_DIR}/${FRAMEWORKS_FOLDER_PATH}/Alamofire.framework",
				"${TARGET_BUILD_DIR}/${FRAMEWORKS_FOLDER_PATH}/DGActivityIndicatorView.framework",
				"${TARGET_BUILD_DIR}/${FRAMEWORKS_FOLDER_PATH}/DZNEmptyDataSet.framework",
				"${TARGET_BUILD_DIR}/${FRAMEWORKS_FOLDER_PATH}/FontAwesome_swift.framework",
				"${TARGET_BUILD_DIR}/${FRAMEWORKS_FOLDER_PATH}/KeychainAccess.framework",
				"${TARGET_BUILD_DIR}/${FRAMEWORKS_FOLDER_PATH}/MBProgressHUD.framework",
				"${TARGET_BUILD_DIR}/${FRAMEWORKS_FOLDER_PATH}/MagicalRecord.framework",
				"${TARGET_BUILD_DIR}/${FRAMEWORKS_FOLDER_PATH}/PromiseKit.framework",
				"${TARGET_BUILD_DIR}/${FRAMEWORKS_FOLDER_PATH}/SDWebImage.framework",
				"${TARGET_BUILD_DIR}/${FRAMEWORKS_FOLDER_PATH}/SnapKit.framework",
				"${TARGET_BUILD_DIR}/${FRAMEWORKS_FOLDER_PATH}/SwiftyJSON.framework",
				"${TARGET_BUILD_DIR}/${FRAMEWORKS_FOLDER_PATH}/SwipeCellKit.framework",
				"${TARGET_BUILD_DIR}/${FRAMEWORKS_FOLDER_PATH}/Material.framework",
				"${TARGET_BUILD_DIR}/${FRAMEWORKS_FOLDER_PATH}/Motion.framework",
				"${TARGET_BUILD_DIR}/${FRAMEWORKS_FOLDER_PATH}/AutoInsetter.framework",
				"${TARGET_BUILD_DIR}/${FRAMEWORKS_FOLDER_PATH}/Pageboy.framework",
				"${TARGET_BUILD_DIR}/${FRAMEWORKS_FOLDER_PATH}/Tabman.framework",
			);
			runOnlyForDeploymentPostprocessing = 0;
			shellPath = /bin/sh;
			shellScript = "\"${SRCROOT}/Pods/Target Support Files/Pods-MobileSafariEnhancer/Pods-MobileSafariEnhancer-frameworks.sh\"\n";
			showEnvVarsInLog = 0;
		};
		7E65DE4CF01FF34408D6C052 /* [CP] Copy Pods Resources */ = {
			isa = PBXShellScriptBuildPhase;
			buildActionMask = 2147483647;
			files = (
			);
			inputPaths = (
			);
			name = "[CP] Copy Pods Resources";
			outputPaths = (
			);
			runOnlyForDeploymentPostprocessing = 0;
			shellPath = /bin/sh;
			shellScript = "\"${SRCROOT}/Pods/Target Support Files/Pods-MobileSafariEnhancer/Pods-MobileSafariEnhancer-resources.sh\"\n";
			showEnvVarsInLog = 0;
		};
		A142A5C4A5701EC2F5A381E1 /* [CP] Copy Pods Resources */ = {
			isa = PBXShellScriptBuildPhase;
			buildActionMask = 2147483647;
			files = (
			);
			inputPaths = (
			);
			name = "[CP] Copy Pods Resources";
			outputPaths = (
			);
			runOnlyForDeploymentPostprocessing = 0;
			shellPath = /bin/sh;
			shellScript = "\"${SRCROOT}/Pods/Target Support Files/Pods-FileSharer/Pods-FileSharer-resources.sh\"\n";
			showEnvVarsInLog = 0;
		};
/* End PBXShellScriptBuildPhase section */

/* Begin PBXSourcesBuildPhase section */
		218F513F2025AF1B006EEDC2 /* Sources */ = {
			isa = PBXSourcesBuildPhase;
			buildActionMask = 2147483647;
			files = (
				21F8589B20274A36008D84B8 /* SettingTableViewController.swift in Sources */,
				213D1BEF2029926E00E34019 /* ArrayExtensions.swift in Sources */,
				213D1BF32029930600E34019 /* BezierPathExtensions.swift in Sources */,
				213D1C052029F57000E34019 /* UIToolbarExtensions.swift in Sources */,
				213D1BF72029963500E34019 /* UnknownFileTypeViewController.swift in Sources */,
				211EE6B5202AA35C007E8DD0 /* DirectoryItemPresentationCoordinator.swift in Sources */,
				217EB722202AB41A003C1BA9 /* FileViewController.swift in Sources */,
				218F51542025D55C006EEDC2 /* RootViewController.swift in Sources */,
				217EB72B202B1119003C1BA9 /* DirectoryContentViewControllerExtensions.swift in Sources */,
				217EB726202AB832003C1BA9 /* FileVCViews.swift in Sources */,
				217EB714202AA94E003C1BA9 /* ErrorViewController.swift in Sources */,
				218F516E2025F484006EEDC2 /* HeaderViewModel.swift in Sources */,
				218F517A2025FDDC006EEDC2 /* Network.swift in Sources */,
				2129EF57202B454200C4CE86 /* ExtensionModalTransitionDelegate.swift in Sources */,
				218F515D2025DB90006EEDC2 /* UIColorExtensions.swift in Sources */,
				217EB71C202AB280003C1BA9 /* LoadingViewController.swift in Sources */,
				213D1BC72028A45300E34019 /* HTMLDocument.m in Sources */,
				218F518820269B3E006EEDC2 /* LoadingView.swift in Sources */,
				217EB728202ABCBD003C1BA9 /* FileExploreViewController.swift in Sources */,
				218F517E20261D07006EEDC2 /* Preview.swift in Sources */,
				217EB720202AB3E7003C1BA9 /* FileItemPresentationCoordinator.swift in Sources */,
				217EB71E202AB38C003C1BA9 /* ItemPresentationCoordinator.swift in Sources */,
				213D1BE72029903F00E34019 /* ImageViewController.swift in Sources */,
				217EB724202AB497003C1BA9 /* ActionViewController.swift in Sources */,
				218F515F2025DDAD006EEDC2 /* BaseNavigationController.swift in Sources */,
				218F518A2026A1D6006EEDC2 /* GDC.swift in Sources */,
				213D1BD920298B7100E34019 /* ThumbnailGenerator.swift in Sources */,
				213D1BE320298F8400E34019 /* Result.swift in Sources */,
				213D1BD720298B0900E34019 /* FileSpecificationProvider.swift in Sources */,
				213D1BD320298A8200E34019 /* DirectoryContentViewModel.swift in Sources */,
				213D1BC82028A45300E34019 /* HTMLNode.m in Sources */,
				213D1BF1202992C500E34019 /* CheckmarkButton.swift in Sources */,
				217EB718202AB222003C1BA9 /* DirectoryViewController.swift in Sources */,
				213D1BDE20298E5800E34019 /* ItemCell.swift in Sources */,
				213D1BFF2029F35B00E34019 /* UICollectionViewExtensions.swift in Sources */,
				213D1BED202991F300E34019 /* URLExtensions.swift in Sources */,
				218F51A02026D158006EEDC2 /* ResourceParser.swift in Sources */,
				218F519A2026B767006EEDC2 /* LoginInfoModel.swift in Sources */,
				213D1BD120298A2400E34019 /* FileViewModel.swift in Sources */,
				218F51662025E4C8006EEDC2 /* MainViewController.swift in Sources */,
				217EB716202AAF43003C1BA9 /* DirectoryContentViewController.swift in Sources */,
				218F51682025E995006EEDC2 /* Constants.swift in Sources */,
				213D1BEB202991B400E34019 /* DoubleExtensions.swift in Sources */,
				218F517C2026111B006EEDC2 /* CreateTaskView.swift in Sources */,
				213D1C072029F58F00E34019 /* UIViewExtensions.swift in Sources */,
				218F51752025F6BC006EEDC2 /* Store.swift in Sources */,
				213D1C032029F52500E34019 /* UIAlertController.swift in Sources */,
				213D1C012029F38400E34019 /* UISearchBarExtensions.swift in Sources */,
				213D1BFB2029F09E00E34019 /* UITableViewExtensions.swift in Sources */,
				213D1BC62028A45300E34019 /* HTMLNode+XPath.m in Sources */,
				21F8589D20275284008D84B8 /* PreviewViewController.swift in Sources */,
				218F51952026B545006EEDC2 /* LoginView.swift in Sources */,
				218F516C2025EBB0006EEDC2 /* ErrorEnum.swift in Sources */,
				217EB71A202AB235003C1BA9 /* DirectoryViewModel.swift in Sources */,
				218F518D2026B2CE006EEDC2 /* LoginViewController.swift in Sources */,
				218F51622025DFA1006EEDC2 /* CreateTaskViewController.swift in Sources */,
				218F51642025DFBC006EEDC2 /* TaskListTableViewController.swift in Sources */,
				213D1BE520298FD500E34019 /* Configuration.swift in Sources */,
				2129EF5D202B5DC800C4CE86 /* DownloadItem.xcdatamodeld in Sources */,
				213D1BCD2028B74900E34019 /* StringExtensions.swift in Sources */,
				213D1BDB20298DFA00E34019 /* FileService.swift in Sources */,
				218F516A2025EAC2006EEDC2 /* HeaderView.swift in Sources */,
				213D1BFD2029F17900E34019 /* UIViewControllerExtensions.swift in Sources */,
				213D1BD520298ABF00E34019 /* Item.swift in Sources */,
				213D1BE9202990E600E34019 /* ImageAssets.swift in Sources */,
				213D1BE120298E9E00E34019 /* UIImageExtensions.swift in Sources */,
			);
			runOnlyForDeploymentPostprocessing = 0;
		};
		21B9AAD02025ADE6006002DD /* Sources */ = {
			isa = PBXSourcesBuildPhase;
			buildActionMask = 2147483647;
			files = (
				21B9AADE2025ADE7006002DD /* Document.swift in Sources */,
				21B9AADC2025ADE7006002DD /* DocumentViewController.swift in Sources */,
				2129EF5C202B5DC800C4CE86 /* DownloadItem.xcdatamodeld in Sources */,
				21B9AADA2025ADE7006002DD /* DocumentBrowserViewController.swift in Sources */,
				21B9AAD82025ADE7006002DD /* AppDelegate.swift in Sources */,
				2129EF5E202BC78400C4CE86 /* Constants.swift in Sources */,
			);
			runOnlyForDeploymentPostprocessing = 0;
		};
		21F8589E2027F96E008D84B8 /* Sources */ = {
			isa = PBXSourcesBuildPhase;
			buildActionMask = 2147483647;
			files = (
			);
			runOnlyForDeploymentPostprocessing = 0;
		};
		21F858B02027F985008D84B8 /* Sources */ = {
			isa = PBXSourcesBuildPhase;
			buildActionMask = 2147483647;
			files = (
				213D1C10202A01F400E34019 /* SHKData.m in Sources */,
				213D1C16202A074300E34019 /* SHKSocketIOChannel.m in Sources */,
			);
			runOnlyForDeploymentPostprocessing = 0;
		};
/* End PBXSourcesBuildPhase section */

/* Begin PBXTargetDependency section */
		218F514C2025AF1B006EEDC2 /* PBXTargetDependency */ = {
			isa = PBXTargetDependency;
			target = 218F51422025AF1B006EEDC2 /* FileSharer */;
			targetProxy = 218F514B2025AF1B006EEDC2 /* PBXContainerItemProxy */;
		};
		21F858A92027F96E008D84B8 /* PBXTargetDependency */ = {
			isa = PBXTargetDependency;
			target = 21F858A22027F96E008D84B8 /* DJDownloadKit */;
			targetProxy = 21F858A82027F96E008D84B8 /* PBXContainerItemProxy */;
		};
		21F858BB2027F985008D84B8 /* PBXTargetDependency */ = {
			isa = PBXTargetDependency;
			target = 21F858B42027F985008D84B8 /* SimpleHTTPKit */;
			targetProxy = 21F858BA2027F985008D84B8 /* PBXContainerItemProxy */;
		};
/* End PBXTargetDependency section */

/* Begin PBXVariantGroup section */
		21B9AADF2025ADE7006002DD /* Main.storyboard */ = {
			isa = PBXVariantGroup;
			children = (
				21B9AAE02025ADE7006002DD /* Base */,
			);
			name = Main.storyboard;
			sourceTree = "<group>";
		};
		21B9AAE42025ADE7006002DD /* LaunchScreen.storyboard */ = {
			isa = PBXVariantGroup;
			children = (
				21B9AAE52025ADE7006002DD /* Base */,
			);
			name = LaunchScreen.storyboard;
			sourceTree = "<group>";
		};
/* End PBXVariantGroup section */

/* Begin XCBuildConfiguration section */
		218F514E2025AF1B006EEDC2 /* Debug */ = {
			isa = XCBuildConfiguration;
			baseConfigurationReference = D8528233B657883331DB85C1 /* Pods-FileSharer.debug.xcconfig */;
			buildSettings = {
				ALWAYS_EMBED_SWIFT_STANDARD_LIBRARIES = "$(inherited)";
				CLANG_ENABLE_MODULES = YES;
				CLANG_ENABLE_OBJC_WEAK = YES;
				CLANG_WARN_DEPRECATED_OBJC_IMPLEMENTATIONS = YES;
				CLANG_WARN_OBJC_IMPLICIT_RETAIN_SELF = YES;
				CODE_SIGN_ENTITLEMENTS = FileSharer/FileSharer.entitlements;
				CODE_SIGN_STYLE = Automatic;
				DEVELOPMENT_TEAM = TCU9L9SQC4;
				HEADER_SEARCH_PATHS = $SDKROOT/usr/include/libxml2;
				INFOPLIST_FILE = FileSharer/Info.plist;
				IPHONEOS_DEPLOYMENT_TARGET = 11.3;
				LD_RUNPATH_SEARCH_PATHS = "$(inherited) @executable_path/Frameworks @executable_path/../../Frameworks";
				OTHER_LDFLAGS = (
					"$(inherited)",
					"-lxml2",
				);
				PRODUCT_BUNDLE_IDENTIFIER = com.MockingBot.MobileSafariEnhancer.FileSharer;
				PRODUCT_NAME = "$(TARGET_NAME)";
				SKIP_INSTALL = YES;
				SWIFT_OBJC_BRIDGING_HEADER = "FileSharer/FileSharer-Bridging-Header.h";
				SWIFT_OPTIMIZATION_LEVEL = "-Onone";
				SWIFT_VERSION = 4.0;
				SYSTEM_HEADER_SEARCH_PATHS = "$(inherited)";
				TARGETED_DEVICE_FAMILY = "1,2";
			};
			name = Debug;
		};
		218F514F2025AF1B006EEDC2 /* Release */ = {
			isa = XCBuildConfiguration;
			baseConfigurationReference = 8F7411B6138F8DCE179010C8 /* Pods-FileSharer.release.xcconfig */;
			buildSettings = {
				ALWAYS_EMBED_SWIFT_STANDARD_LIBRARIES = "$(inherited)";
				CLANG_ENABLE_MODULES = YES;
				CLANG_ENABLE_OBJC_WEAK = YES;
				CLANG_WARN_DEPRECATED_OBJC_IMPLEMENTATIONS = YES;
				CLANG_WARN_OBJC_IMPLICIT_RETAIN_SELF = YES;
				CODE_SIGN_ENTITLEMENTS = FileSharer/FileSharer.entitlements;
				CODE_SIGN_STYLE = Automatic;
				DEVELOPMENT_TEAM = TCU9L9SQC4;
				HEADER_SEARCH_PATHS = $SDKROOT/usr/include/libxml2;
				INFOPLIST_FILE = FileSharer/Info.plist;
				IPHONEOS_DEPLOYMENT_TARGET = 11.3;
				LD_RUNPATH_SEARCH_PATHS = "$(inherited) @executable_path/Frameworks @executable_path/../../Frameworks";
				OTHER_LDFLAGS = (
					"$(inherited)",
					"-lxml2",
				);
				PRODUCT_BUNDLE_IDENTIFIER = com.MockingBot.MobileSafariEnhancer.FileSharer;
				PRODUCT_NAME = "$(TARGET_NAME)";
				SKIP_INSTALL = YES;
				SWIFT_OBJC_BRIDGING_HEADER = "FileSharer/FileSharer-Bridging-Header.h";
				SWIFT_OPTIMIZATION_LEVEL = "-Owholemodule";
				SWIFT_VERSION = 4.0;
				SYSTEM_HEADER_SEARCH_PATHS = "$(inherited)";
				TARGETED_DEVICE_FAMILY = "1,2";
			};
			name = Release;
		};
		21B9AAE82025ADE7006002DD /* Debug */ = {
			isa = XCBuildConfiguration;
			buildSettings = {
				ALWAYS_SEARCH_USER_PATHS = NO;
				CLANG_ANALYZER_NONNULL = YES;
				CLANG_ANALYZER_NUMBER_OBJECT_CONVERSION = YES_AGGRESSIVE;
				CLANG_CXX_LANGUAGE_STANDARD = "gnu++14";
				CLANG_CXX_LIBRARY = "libc++";
				CLANG_ENABLE_MODULES = YES;
				CLANG_ENABLE_OBJC_ARC = YES;
				CLANG_WARN_BLOCK_CAPTURE_AUTORELEASING = YES;
				CLANG_WARN_BOOL_CONVERSION = YES;
				CLANG_WARN_COMMA = YES;
				CLANG_WARN_CONSTANT_CONVERSION = YES;
				CLANG_WARN_DIRECT_OBJC_ISA_USAGE = YES_ERROR;
				CLANG_WARN_DOCUMENTATION_COMMENTS = YES;
				CLANG_WARN_EMPTY_BODY = YES;
				CLANG_WARN_ENUM_CONVERSION = YES;
				CLANG_WARN_INFINITE_RECURSION = YES;
				CLANG_WARN_INT_CONVERSION = YES;
				CLANG_WARN_NON_LITERAL_NULL_CONVERSION = YES;
				CLANG_WARN_OBJC_LITERAL_CONVERSION = YES;
				CLANG_WARN_OBJC_ROOT_CLASS = YES_ERROR;
				CLANG_WARN_RANGE_LOOP_ANALYSIS = YES;
				CLANG_WARN_STRICT_PROTOTYPES = YES;
				CLANG_WARN_SUSPICIOUS_MOVE = YES;
				CLANG_WARN_UNGUARDED_AVAILABILITY = YES_AGGRESSIVE;
				CLANG_WARN_UNREACHABLE_CODE = YES;
				CLANG_WARN__DUPLICATE_METHOD_MATCH = YES;
				CODE_SIGN_IDENTITY = "iPhone Developer";
				COPY_PHASE_STRIP = NO;
				DEBUG_INFORMATION_FORMAT = dwarf;
				ENABLE_STRICT_OBJC_MSGSEND = YES;
				ENABLE_TESTABILITY = YES;
				GCC_C_LANGUAGE_STANDARD = gnu11;
				GCC_DYNAMIC_NO_PIC = NO;
				GCC_NO_COMMON_BLOCKS = YES;
				GCC_OPTIMIZATION_LEVEL = 0;
				GCC_PREPROCESSOR_DEFINITIONS = (
					"DEBUG=1",
					"$(inherited)",
				);
				GCC_WARN_64_TO_32_BIT_CONVERSION = YES;
				GCC_WARN_ABOUT_RETURN_TYPE = YES_ERROR;
				GCC_WARN_UNDECLARED_SELECTOR = YES;
				GCC_WARN_UNINITIALIZED_AUTOS = YES_AGGRESSIVE;
				GCC_WARN_UNUSED_FUNCTION = YES;
				GCC_WARN_UNUSED_VARIABLE = YES;
				IPHONEOS_DEPLOYMENT_TARGET = 11.2;
				MTL_ENABLE_DEBUG_INFO = YES;
				ONLY_ACTIVE_ARCH = YES;
				SDKROOT = iphoneos;
				SWIFT_ACTIVE_COMPILATION_CONDITIONS = DEBUG;
				SWIFT_OPTIMIZATION_LEVEL = "-Onone";
			};
			name = Debug;
		};
		21B9AAE92025ADE7006002DD /* Release */ = {
			isa = XCBuildConfiguration;
			buildSettings = {
				ALWAYS_SEARCH_USER_PATHS = NO;
				CLANG_ANALYZER_NONNULL = YES;
				CLANG_ANALYZER_NUMBER_OBJECT_CONVERSION = YES_AGGRESSIVE;
				CLANG_CXX_LANGUAGE_STANDARD = "gnu++14";
				CLANG_CXX_LIBRARY = "libc++";
				CLANG_ENABLE_MODULES = YES;
				CLANG_ENABLE_OBJC_ARC = YES;
				CLANG_WARN_BLOCK_CAPTURE_AUTORELEASING = YES;
				CLANG_WARN_BOOL_CONVERSION = YES;
				CLANG_WARN_COMMA = YES;
				CLANG_WARN_CONSTANT_CONVERSION = YES;
				CLANG_WARN_DIRECT_OBJC_ISA_USAGE = YES_ERROR;
				CLANG_WARN_DOCUMENTATION_COMMENTS = YES;
				CLANG_WARN_EMPTY_BODY = YES;
				CLANG_WARN_ENUM_CONVERSION = YES;
				CLANG_WARN_INFINITE_RECURSION = YES;
				CLANG_WARN_INT_CONVERSION = YES;
				CLANG_WARN_NON_LITERAL_NULL_CONVERSION = YES;
				CLANG_WARN_OBJC_LITERAL_CONVERSION = YES;
				CLANG_WARN_OBJC_ROOT_CLASS = YES_ERROR;
				CLANG_WARN_RANGE_LOOP_ANALYSIS = YES;
				CLANG_WARN_STRICT_PROTOTYPES = YES;
				CLANG_WARN_SUSPICIOUS_MOVE = YES;
				CLANG_WARN_UNGUARDED_AVAILABILITY = YES_AGGRESSIVE;
				CLANG_WARN_UNREACHABLE_CODE = YES;
				CLANG_WARN__DUPLICATE_METHOD_MATCH = YES;
				CODE_SIGN_IDENTITY = "iPhone Developer";
				COPY_PHASE_STRIP = NO;
				DEBUG_INFORMATION_FORMAT = "dwarf-with-dsym";
				ENABLE_NS_ASSERTIONS = NO;
				ENABLE_STRICT_OBJC_MSGSEND = YES;
				GCC_C_LANGUAGE_STANDARD = gnu11;
				GCC_NO_COMMON_BLOCKS = YES;
				GCC_WARN_64_TO_32_BIT_CONVERSION = YES;
				GCC_WARN_ABOUT_RETURN_TYPE = YES_ERROR;
				GCC_WARN_UNDECLARED_SELECTOR = YES;
				GCC_WARN_UNINITIALIZED_AUTOS = YES_AGGRESSIVE;
				GCC_WARN_UNUSED_FUNCTION = YES;
				GCC_WARN_UNUSED_VARIABLE = YES;
				IPHONEOS_DEPLOYMENT_TARGET = 11.2;
				MTL_ENABLE_DEBUG_INFO = NO;
				SDKROOT = iphoneos;
				SWIFT_OPTIMIZATION_LEVEL = "-Owholemodule";
				VALIDATE_PRODUCT = YES;
			};
			name = Release;
		};
		21B9AAEB2025ADE7006002DD /* Debug */ = {
			isa = XCBuildConfiguration;
			baseConfigurationReference = 9A0ECEEF2C7B811A4313B5F2 /* Pods-MobileSafariEnhancer.debug.xcconfig */;
			buildSettings = {
				ALWAYS_EMBED_SWIFT_STANDARD_LIBRARIES = "$(inherited)";
				ASSETCATALOG_COMPILER_APPICON_NAME = AppIcon;
				CODE_SIGN_ENTITLEMENTS = MobileSafariEnhancer/MobileSafariEnhancer.entitlements;
				CODE_SIGN_STYLE = Automatic;
				DEVELOPMENT_TEAM = TCU9L9SQC4;
				HEADER_SEARCH_PATHS = "";
				INFOPLIST_FILE = MobileSafariEnhancer/Info.plist;
				LD_RUNPATH_SEARCH_PATHS = "$(inherited) @executable_path/Frameworks";
				PRODUCT_BUNDLE_IDENTIFIER = com.MockingBot.MobileSafariEnhancer;
				PRODUCT_NAME = "$(TARGET_NAME)";
				SWIFT_VERSION = 4.0;
				SYSTEM_HEADER_SEARCH_PATHS = "";
				TARGETED_DEVICE_FAMILY = "1,2";
			};
			name = Debug;
		};
		21B9AAEC2025ADE7006002DD /* Release */ = {
			isa = XCBuildConfiguration;
			baseConfigurationReference = A90AE0FFAC33926A4315456E /* Pods-MobileSafariEnhancer.release.xcconfig */;
			buildSettings = {
				ALWAYS_EMBED_SWIFT_STANDARD_LIBRARIES = "$(inherited)";
				ASSETCATALOG_COMPILER_APPICON_NAME = AppIcon;
				CODE_SIGN_ENTITLEMENTS = MobileSafariEnhancer/MobileSafariEnhancer.entitlements;
				CODE_SIGN_STYLE = Automatic;
				DEVELOPMENT_TEAM = TCU9L9SQC4;
				HEADER_SEARCH_PATHS = "";
				INFOPLIST_FILE = MobileSafariEnhancer/Info.plist;
				LD_RUNPATH_SEARCH_PATHS = "$(inherited) @executable_path/Frameworks";
				PRODUCT_BUNDLE_IDENTIFIER = com.MockingBot.MobileSafariEnhancer;
				PRODUCT_NAME = "$(TARGET_NAME)";
				SWIFT_VERSION = 4.0;
				SYSTEM_HEADER_SEARCH_PATHS = "";
				TARGETED_DEVICE_FAMILY = "1,2";
			};
			name = Release;
		};
		21F858AC2027F96E008D84B8 /* Debug */ = {
			isa = XCBuildConfiguration;
			buildSettings = {
				CLANG_ENABLE_OBJC_WEAK = YES;
				CLANG_WARN_DEPRECATED_OBJC_IMPLEMENTATIONS = YES;
				CLANG_WARN_OBJC_IMPLICIT_RETAIN_SELF = YES;
				CODE_SIGN_IDENTITY = "";
				CODE_SIGN_STYLE = Automatic;
				CURRENT_PROJECT_VERSION = 1;
				DEFINES_MODULE = YES;
				DEVELOPMENT_TEAM = TCU9L9SQC4;
				DYLIB_COMPATIBILITY_VERSION = 1;
				DYLIB_CURRENT_VERSION = 1;
				DYLIB_INSTALL_NAME_BASE = "@rpath";
				INFOPLIST_FILE = DJDownloadKit/Info.plist;
				INSTALL_PATH = "$(LOCAL_LIBRARY_DIR)/Frameworks";
				IPHONEOS_DEPLOYMENT_TARGET = 11.3;
				LD_RUNPATH_SEARCH_PATHS = "$(inherited) @executable_path/Frameworks @loader_path/Frameworks";
				PRODUCT_BUNDLE_IDENTIFIER = com.MockingBot.DJDownloadKit;
				PRODUCT_NAME = "$(TARGET_NAME:c99extidentifier)";
				SKIP_INSTALL = YES;
				SWIFT_VERSION = 4.0;
				TARGETED_DEVICE_FAMILY = "1,2";
				VERSIONING_SYSTEM = "apple-generic";
				VERSION_INFO_PREFIX = "";
			};
			name = Debug;
		};
		21F858AD2027F96E008D84B8 /* Release */ = {
			isa = XCBuildConfiguration;
			buildSettings = {
				CLANG_ENABLE_OBJC_WEAK = YES;
				CLANG_WARN_DEPRECATED_OBJC_IMPLEMENTATIONS = YES;
				CLANG_WARN_OBJC_IMPLICIT_RETAIN_SELF = YES;
				CODE_SIGN_IDENTITY = "";
				CODE_SIGN_STYLE = Automatic;
				CURRENT_PROJECT_VERSION = 1;
				DEFINES_MODULE = YES;
				DEVELOPMENT_TEAM = TCU9L9SQC4;
				DYLIB_COMPATIBILITY_VERSION = 1;
				DYLIB_CURRENT_VERSION = 1;
				DYLIB_INSTALL_NAME_BASE = "@rpath";
				INFOPLIST_FILE = DJDownloadKit/Info.plist;
				INSTALL_PATH = "$(LOCAL_LIBRARY_DIR)/Frameworks";
				IPHONEOS_DEPLOYMENT_TARGET = 11.3;
				LD_RUNPATH_SEARCH_PATHS = "$(inherited) @executable_path/Frameworks @loader_path/Frameworks";
				PRODUCT_BUNDLE_IDENTIFIER = com.MockingBot.DJDownloadKit;
				PRODUCT_NAME = "$(TARGET_NAME:c99extidentifier)";
				SKIP_INSTALL = YES;
				SWIFT_OPTIMIZATION_LEVEL = "-Owholemodule";
				SWIFT_VERSION = 4.0;
				TARGETED_DEVICE_FAMILY = "1,2";
				VERSIONING_SYSTEM = "apple-generic";
				VERSION_INFO_PREFIX = "";
			};
			name = Release;
		};
		21F858BF2027F985008D84B8 /* Debug */ = {
			isa = XCBuildConfiguration;
			buildSettings = {
				CLANG_ENABLE_MODULES = YES;
				CLANG_ENABLE_OBJC_WEAK = YES;
				CLANG_WARN_DEPRECATED_OBJC_IMPLEMENTATIONS = YES;
				CLANG_WARN_OBJC_IMPLICIT_RETAIN_SELF = YES;
				CODE_SIGN_IDENTITY = "";
				CODE_SIGN_STYLE = Automatic;
				CURRENT_PROJECT_VERSION = 1;
				DEFINES_MODULE = YES;
				DEVELOPMENT_TEAM = TCU9L9SQC4;
				DYLIB_COMPATIBILITY_VERSION = 1;
				DYLIB_CURRENT_VERSION = 1;
				DYLIB_INSTALL_NAME_BASE = "@rpath";
				INFOPLIST_FILE = SimpleHTTPKit/Info.plist;
				INSTALL_PATH = "$(LOCAL_LIBRARY_DIR)/Frameworks";
				IPHONEOS_DEPLOYMENT_TARGET = 11.3;
				LD_RUNPATH_SEARCH_PATHS = "$(inherited) @executable_path/Frameworks @loader_path/Frameworks";
				PRODUCT_BUNDLE_IDENTIFIER = com.MockingBot.SimpleHTTPKit;
				PRODUCT_NAME = "$(TARGET_NAME:c99extidentifier)";
				SKIP_INSTALL = YES;
				SWIFT_OPTIMIZATION_LEVEL = "-Onone";
				SWIFT_VERSION = 4.0;
				TARGETED_DEVICE_FAMILY = "1,2";
				VERSIONING_SYSTEM = "apple-generic";
				VERSION_INFO_PREFIX = "";
			};
			name = Debug;
		};
		21F858C02027F985008D84B8 /* Release */ = {
			isa = XCBuildConfiguration;
			buildSettings = {
				CLANG_ENABLE_MODULES = YES;
				CLANG_ENABLE_OBJC_WEAK = YES;
				CLANG_WARN_DEPRECATED_OBJC_IMPLEMENTATIONS = YES;
				CLANG_WARN_OBJC_IMPLICIT_RETAIN_SELF = YES;
				CODE_SIGN_IDENTITY = "";
				CODE_SIGN_STYLE = Automatic;
				CURRENT_PROJECT_VERSION = 1;
				DEFINES_MODULE = YES;
				DEVELOPMENT_TEAM = TCU9L9SQC4;
				DYLIB_COMPATIBILITY_VERSION = 1;
				DYLIB_CURRENT_VERSION = 1;
				DYLIB_INSTALL_NAME_BASE = "@rpath";
				INFOPLIST_FILE = SimpleHTTPKit/Info.plist;
				INSTALL_PATH = "$(LOCAL_LIBRARY_DIR)/Frameworks";
				IPHONEOS_DEPLOYMENT_TARGET = 11.3;
				LD_RUNPATH_SEARCH_PATHS = "$(inherited) @executable_path/Frameworks @loader_path/Frameworks";
				PRODUCT_BUNDLE_IDENTIFIER = com.MockingBot.SimpleHTTPKit;
				PRODUCT_NAME = "$(TARGET_NAME:c99extidentifier)";
				SKIP_INSTALL = YES;
				SWIFT_OPTIMIZATION_LEVEL = "-Owholemodule";
				SWIFT_VERSION = 4.0;
				TARGETED_DEVICE_FAMILY = "1,2";
				VERSIONING_SYSTEM = "apple-generic";
				VERSION_INFO_PREFIX = "";
			};
			name = Release;
		};
/* End XCBuildConfiguration section */

/* Begin XCConfigurationList section */
		218F51502025AF1B006EEDC2 /* Build configuration list for PBXNativeTarget "FileSharer" */ = {
			isa = XCConfigurationList;
			buildConfigurations = (
				218F514E2025AF1B006EEDC2 /* Debug */,
				218F514F2025AF1B006EEDC2 /* Release */,
			);
			defaultConfigurationIsVisible = 0;
			defaultConfigurationName = Release;
		};
		21B9AACF2025ADE6006002DD /* Build configuration list for PBXProject "MobileSafariEnhancer" */ = {
			isa = XCConfigurationList;
			buildConfigurations = (
				21B9AAE82025ADE7006002DD /* Debug */,
				21B9AAE92025ADE7006002DD /* Release */,
			);
			defaultConfigurationIsVisible = 0;
			defaultConfigurationName = Release;
		};
		21B9AAEA2025ADE7006002DD /* Build configuration list for PBXNativeTarget "MobileSafariEnhancer" */ = {
			isa = XCConfigurationList;
			buildConfigurations = (
				21B9AAEB2025ADE7006002DD /* Debug */,
				21B9AAEC2025ADE7006002DD /* Release */,
			);
			defaultConfigurationIsVisible = 0;
			defaultConfigurationName = Release;
		};
		21F858AE2027F96E008D84B8 /* Build configuration list for PBXNativeTarget "DJDownloadKit" */ = {
			isa = XCConfigurationList;
			buildConfigurations = (
				21F858AC2027F96E008D84B8 /* Debug */,
				21F858AD2027F96E008D84B8 /* Release */,
			);
			defaultConfigurationIsVisible = 0;
			defaultConfigurationName = Release;
		};
		21F858BE2027F985008D84B8 /* Build configuration list for PBXNativeTarget "SimpleHTTPKit" */ = {
			isa = XCConfigurationList;
			buildConfigurations = (
				21F858BF2027F985008D84B8 /* Debug */,
				21F858C02027F985008D84B8 /* Release */,
			);
			defaultConfigurationIsVisible = 0;
			defaultConfigurationName = Release;
		};
/* End XCConfigurationList section */

/* Begin XCVersionGroup section */
		2129EF5A202B5DC800C4CE86 /* DownloadItem.xcdatamodeld */ = {
			isa = XCVersionGroup;
			children = (
				2129EF5B202B5DC800C4CE86 /* DownloadItem.xcdatamodel */,
			);
			currentVersion = 2129EF5B202B5DC800C4CE86 /* DownloadItem.xcdatamodel */;
			path = DownloadItem.xcdatamodeld;
			sourceTree = "<group>";
			versionGroupType = wrapper.xcdatamodel;
		};
/* End XCVersionGroup section */
	};
	rootObject = 21B9AACC2025ADE6006002DD /* Project object */;
}
